// !$*UTF8*$!
{
	archiveVersion = 1;
	classes = {
	};
	objectVersion = 52;
	objects = {

/* Begin PBXBuildFile section */
		650219A826AB0D06000A1CF1 /* Rec.json in Resources */ = {isa = PBXBuildFile; fileRef = 650219A726AB0D06000A1CF1 /* Rec.json */; };
		6503613A26713279006CEBC1 /* MemoViewReactor.swift in Sources */ = {isa = PBXBuildFile; fileRef = 6503613926713279006CEBC1 /* MemoViewReactor.swift */; };
		65048A7F2656B73800B275D0 /* Lottie in Frameworks */ = {isa = PBXBuildFile; productRef = 65048A7E2656B73800B275D0 /* Lottie */; };
		65048A822656B74800B275D0 /* data.json in Resources */ = {isa = PBXBuildFile; fileRef = 65048A812656B74800B275D0 /* data.json */; };
		6505390F2795BC67003651BA /* StockInfo.swift in Sources */ = {isa = PBXBuildFile; fileRef = 6505390E2795BC67003651BA /* StockInfo.swift */; };
		65091C4126C97775000F698A /* UserDefaultService.swift in Sources */ = {isa = PBXBuildFile; fileRef = 65091C4026C97775000F698A /* UserDefaultService.swift */; };
		650B758A2732F18D000D2B79 /* AlertViewController.swift in Sources */ = {isa = PBXBuildFile; fileRef = 650B75892732F18D000D2B79 /* AlertViewController.swift */; };
		650B758C2732F19F000D2B79 /* AlertViewReactor.swift in Sources */ = {isa = PBXBuildFile; fileRef = 650B758B2732F19F000D2B79 /* AlertViewReactor.swift */; };
		650D2A6026C4327200F9981E /* ImageImportButton.swift in Sources */ = {isa = PBXBuildFile; fileRef = 650D2A5F26C4327200F9981E /* ImageImportButton.swift */; };
		65110674269F44B0009AB050 /* Int.swift in Sources */ = {isa = PBXBuildFile; fileRef = 65110673269F44B0009AB050 /* Int.swift */; };
		65139D2826B31AE000E32718 /* AuthClient.swift in Sources */ = {isa = PBXBuildFile; fileRef = 65139D2726B31AE000E32718 /* AuthClient.swift */; };
		6519946E26498AE80067A29D /* DanjiSortViewController.swift in Sources */ = {isa = PBXBuildFile; fileRef = 6519946D26498AE80067A29D /* DanjiSortViewController.swift */; };
		651A3B3727FDFDCB00361140 /* UIImage.swift in Sources */ = {isa = PBXBuildFile; fileRef = 651A3B3627FDFDCB00361140 /* UIImage.swift */; };
		651BAC23265A31090090D6A7 /* UIView.swift in Sources */ = {isa = PBXBuildFile; fileRef = 651BAC22265A31090090D6A7 /* UIView.swift */; };
		651BAC2C265A503D0090D6A7 /* SettingTableCell.swift in Sources */ = {isa = PBXBuildFile; fileRef = 651BAC2B265A503D0090D6A7 /* SettingTableCell.swift */; };
		651BAC2F265A50450090D6A7 /* SettingTableCellReactor.swift in Sources */ = {isa = PBXBuildFile; fileRef = 651BAC2E265A50450090D6A7 /* SettingTableCellReactor.swift */; };
		6520138E276A639C006F3DC1 /* GuideViewController.swift in Sources */ = {isa = PBXBuildFile; fileRef = 6520138D276A639C006F3DC1 /* GuideViewController.swift */; };
		65201390276A63AC006F3DC1 /* GuideViewReactor.swift in Sources */ = {isa = PBXBuildFile; fileRef = 6520138F276A63AC006F3DC1 /* GuideViewReactor.swift */; };
		65201393276A65B7006F3DC1 /* PagePointView.swift in Sources */ = {isa = PBXBuildFile; fileRef = 65201392276A65B7006F3DC1 /* PagePointView.swift */; };
		65261A7C269359B5005E877C /* MemoRepository.swift in Sources */ = {isa = PBXBuildFile; fileRef = 65261A7B269359B5005E877C /* MemoRepository.swift */; };
		65261A7E2693616A005E877C /* MemoCreate.swift in Sources */ = {isa = PBXBuildFile; fileRef = 65261A7D2693616A005E877C /* MemoCreate.swift */; };
		6528EA1B2635219400D06F17 /* BMDJImage.swift in Sources */ = {isa = PBXBuildFile; fileRef = 6528EA1A2635219400D06F17 /* BMDJImage.swift */; };
		652A4E2C277D97D300F7D54A /* BMDJSearchBar.swift in Sources */ = {isa = PBXBuildFile; fileRef = 652A4E2B277D97D300F7D54A /* BMDJSearchBar.swift */; };
		652A4E30277DA2BB00F7D54A /* StockService.swift in Sources */ = {isa = PBXBuildFile; fileRef = 652A4E2F277DA2BB00F7D54A /* StockService.swift */; };
		65300B08278DD86D007FA1FD /* BMDJGuideImageView.swift in Sources */ = {isa = PBXBuildFile; fileRef = 65300B07278DD86D007FA1FD /* BMDJGuideImageView.swift */; };
		653970DF2799B6C70006E2A9 /* FIBDatabaseService.swift in Sources */ = {isa = PBXBuildFile; fileRef = 653970DE2799B6C70006E2A9 /* FIBDatabaseService.swift */; };
		653970E32799B8730006E2A9 /* FirebaseDatabase in Frameworks */ = {isa = PBXBuildFile; productRef = 653970E22799B8730006E2A9 /* FirebaseDatabase */; };
		65429F8B2660CDA2000819BE /* NetworkResult.swift in Sources */ = {isa = PBXBuildFile; fileRef = 65429F8A2660CDA2000819BE /* NetworkResult.swift */; };
		65440B5826B6757500186E7B /* PrivacyPolicyViewController.swift in Sources */ = {isa = PBXBuildFile; fileRef = 65440B5726B6757500186E7B /* PrivacyPolicyViewController.swift */; };
		65440B5A26B67C1100186E7B /* PrivacyPolicyReactor.swift in Sources */ = {isa = PBXBuildFile; fileRef = 65440B5926B67C1100186E7B /* PrivacyPolicyReactor.swift */; };
		65457B93265AD3C800F7F8F3 /* URLRequest.swift in Sources */ = {isa = PBXBuildFile; fileRef = 65457B92265AD3C800F7F8F3 /* URLRequest.swift */; };
		6546D65527897C8800C39D5C /* BMDJIconTextField.swift in Sources */ = {isa = PBXBuildFile; fileRef = 6546D65427897C8800C39D5C /* BMDJIconTextField.swift */; };
		6554B36B2691BAC90080D3C5 /* MemoDatabaseService.swift in Sources */ = {isa = PBXBuildFile; fileRef = 6554B36A2691BAC90080D3C5 /* MemoDatabaseService.swift */; };
		6559820C264416720011D5BC /* MenuViewController.swift in Sources */ = {isa = PBXBuildFile; fileRef = 6559820B264416720011D5BC /* MenuViewController.swift */; };
		6559820F264418140011D5BC /* MenuViewReactor.swift in Sources */ = {isa = PBXBuildFile; fileRef = 6559820E264418140011D5BC /* MenuViewReactor.swift */; };
		655AB69826E2AC9000A7D9BC /* FirebaseAnalytics in Frameworks */ = {isa = PBXBuildFile; productRef = 655AB69726E2AC9000A7D9BC /* FirebaseAnalytics */; };
		655AB69A26E2AC9000A7D9BC /* FirebaseCrashlytics in Frameworks */ = {isa = PBXBuildFile; productRef = 655AB69926E2AC9000A7D9BC /* FirebaseCrashlytics */; };
		655AB69C26E2AC9000A7D9BC /* FirebaseMessaging in Frameworks */ = {isa = PBXBuildFile; productRef = 655AB69B26E2AC9000A7D9BC /* FirebaseMessaging */; };
		655AB69E26E2AC9000A7D9BC /* FirebaseAuth in Frameworks */ = {isa = PBXBuildFile; productRef = 655AB69D26E2AC9000A7D9BC /* FirebaseAuth */; };
		655AB6A026E2AC9000A7D9BC /* FirebaseStorage in Frameworks */ = {isa = PBXBuildFile; productRef = 655AB69F26E2AC9000A7D9BC /* FirebaseStorage */; };
		655AB6A226E2AC9000A7D9BC /* FirebaseRemoteConfig in Frameworks */ = {isa = PBXBuildFile; productRef = 655AB6A126E2AC9000A7D9BC /* FirebaseRemoteConfig */; };
		655DC081267DFF1E000A44A0 /* RxOptional in Frameworks */ = {isa = PBXBuildFile; productRef = 655DC080267DFF1E000A44A0 /* RxOptional */; };
		6560409A2680F4FF00F9A725 /* SettingTItleHeader.swift in Sources */ = {isa = PBXBuildFile; fileRef = 656040992680F4FF00F9A725 /* SettingTItleHeader.swift */; };
		6560409E2680F50D00F9A725 /* SettingTitleHeaderReactor.swift in Sources */ = {isa = PBXBuildFile; fileRef = 6560409D2680F50D00F9A725 /* SettingTitleHeaderReactor.swift */; };
		65620A06266E84E30041C780 /* MemoViewController.swift in Sources */ = {isa = PBXBuildFile; fileRef = 65620A05266E84E30041C780 /* MemoViewController.swift */; };
		656574CA27946600008B56D5 /* BMDJIconButton.swift in Sources */ = {isa = PBXBuildFile; fileRef = 656574C927946600008B56D5 /* BMDJIconButton.swift */; };
		65724E52273ACFEC00C84E91 /* MemoEditViewReactor.swift in Sources */ = {isa = PBXBuildFile; fileRef = 65724E51273ACFEC00C84E91 /* MemoEditViewReactor.swift */; };
		65739EA3263E9661009AA160 /* Date+Utility.swift in Sources */ = {isa = PBXBuildFile; fileRef = 65739EA2263E9661009AA160 /* Date+Utility.swift */; };
		65739EA6263E96C0009AA160 /* Date.swift in Sources */ = {isa = PBXBuildFile; fileRef = 65739EA5263E96C0009AA160 /* Date.swift */; };
		6575A00C267E60DA0004ACEF /* DataBaseService.swift in Sources */ = {isa = PBXBuildFile; fileRef = 6575A00B267E60DA0004ACEF /* DataBaseService.swift */; };
		6575A016267E64990004ACEF /* File+Utility.swift in Sources */ = {isa = PBXBuildFile; fileRef = 6575A015267E64990004ACEF /* File+Utility.swift */; };
		65776412263713DB001947CF /* DanjiCollectionCell.swift in Sources */ = {isa = PBXBuildFile; fileRef = 65776411263713DB001947CF /* DanjiCollectionCell.swift */; };
		6577641626371780001947CF /* AppService.swift in Sources */ = {isa = PBXBuildFile; fileRef = 6577641526371780001947CF /* AppService.swift */; };
		6577641A2637184A001947CF /* CGFloat.swift in Sources */ = {isa = PBXBuildFile; fileRef = 657764192637184A001947CF /* CGFloat.swift */; };
		657CF7FF267F330200A4CD57 /* MemoListViewController.swift in Sources */ = {isa = PBXBuildFile; fileRef = 657CF7FE267F330200A4CD57 /* MemoListViewController.swift */; };
		657CF802267F369A00A4CD57 /* MemoListViewReactor.swift in Sources */ = {isa = PBXBuildFile; fileRef = 657CF801267F369A00A4CD57 /* MemoListViewReactor.swift */; };
		657EC22C265823D100D343DF /* DanjiRepository.swift in Sources */ = {isa = PBXBuildFile; fileRef = 657EC22B265823D100D343DF /* DanjiRepository.swift */; };
		657ED691263093C6008823BC /* Stock.swift in Sources */ = {isa = PBXBuildFile; fileRef = 657ED690263093C6008823BC /* Stock.swift */; };
		6580837F265C09980071EED7 /* DanjiBase.swift in Sources */ = {isa = PBXBuildFile; fileRef = 6580837E265C09980071EED7 /* DanjiBase.swift */; };
		6582DAC3278AC0D600B104EA /* BMDJGradientView.swift in Sources */ = {isa = PBXBuildFile; fileRef = 6582DAC2278AC0D600B104EA /* BMDJGradientView.swift */; };
		6585A97E265D69CD008D6858 /* MemoRouter.swift in Sources */ = {isa = PBXBuildFile; fileRef = 6585A97D265D69CD008D6858 /* MemoRouter.swift */; };
		6585A982265D69D7008D6858 /* MemoClient.swift in Sources */ = {isa = PBXBuildFile; fileRef = 6585A981265D69D7008D6858 /* MemoClient.swift */; };
		6586A62D271EAF2500AEFC7C /* EditPopupViewController.swift in Sources */ = {isa = PBXBuildFile; fileRef = 6586A62C271EAF2500AEFC7C /* EditPopupViewController.swift */; };
		6586FF42264ACDDC00BF4CD5 /* DanjiSortViewReactor.swift in Sources */ = {isa = PBXBuildFile; fileRef = 6586FF41264ACDDC00BF4CD5 /* DanjiSortViewReactor.swift */; };
		6586FF45264AD3B800BF4CD5 /* DanjiPlantViewController.swift in Sources */ = {isa = PBXBuildFile; fileRef = 6586FF44264AD3B800BF4CD5 /* DanjiPlantViewController.swift */; };
		6586FF48264AE0D000BF4CD5 /* DanjiPlantViewReactor.swift in Sources */ = {isa = PBXBuildFile; fileRef = 6586FF47264AE0D000BF4CD5 /* DanjiPlantViewReactor.swift */; };
		6587E2F9264E4C5D00654178 /* DanjiRouter.swift in Sources */ = {isa = PBXBuildFile; fileRef = 6587E2F8264E4C5D00654178 /* DanjiRouter.swift */; };
		6587E2FC264E59FF00654178 /* DanjiClient.swift in Sources */ = {isa = PBXBuildFile; fileRef = 6587E2FB264E59FF00654178 /* DanjiClient.swift */; };
		65898D7726CC180400DAD62C /* IndicatorViewController.swift in Sources */ = {isa = PBXBuildFile; fileRef = 65898D7626CC180400DAD62C /* IndicatorViewController.swift */; };
		658B160C27D88E3800945098 /* JobClient.swift in Sources */ = {isa = PBXBuildFile; fileRef = 658B160B27D88E3800945098 /* JobClient.swift */; };
		658B161027D8C0E200945098 /* DatabaseService.swift in Sources */ = {isa = PBXBuildFile; fileRef = 658B160F27D8C0E200945098 /* DatabaseService.swift */; };
		658B161227D8C47000945098 /* Repository.swift in Sources */ = {isa = PBXBuildFile; fileRef = 658B161127D8C47000945098 /* Repository.swift */; };
		658CC9F2263D38E9000286D3 /* MemoCollectionCell.swift in Sources */ = {isa = PBXBuildFile; fileRef = 658CC9F1263D38E9000286D3 /* MemoCollectionCell.swift */; };
		658CC9F5263D440F000286D3 /* DanjiCollectionCellReactor.swift in Sources */ = {isa = PBXBuildFile; fileRef = 658CC9F4263D440F000286D3 /* DanjiCollectionCellReactor.swift */; };
		658CC9F9263D499B000286D3 /* RxDataSources in Frameworks */ = {isa = PBXBuildFile; productRef = 658CC9F8263D499B000286D3 /* RxDataSources */; };
		658CC9FC263DB89B000286D3 /* MemoCollectionCellReactor.swift in Sources */ = {isa = PBXBuildFile; fileRef = 658CC9FB263DB89B000286D3 /* MemoCollectionCellReactor.swift */; };
		6594337C27D4C9DB0016EDE7 /* Job.swift in Sources */ = {isa = PBXBuildFile; fileRef = 6594337B27D4C9DB0016EDE7 /* Job.swift */; };
		6594337E27D4CA0D0016EDE7 /* JobTarget.swift in Sources */ = {isa = PBXBuildFile; fileRef = 6594337D27D4CA0D0016EDE7 /* JobTarget.swift */; };
		6594338027D4CA240016EDE7 /* JobEvent.swift in Sources */ = {isa = PBXBuildFile; fileRef = 6594337F27D4CA240016EDE7 /* JobEvent.swift */; };
		6594338227D4CA770016EDE7 /* DanjiAddJob.swift in Sources */ = {isa = PBXBuildFile; fileRef = 6594338127D4CA770016EDE7 /* DanjiAddJob.swift */; };
		6594338527D4CD390016EDE7 /* DanjiDeleteJob.swift in Sources */ = {isa = PBXBuildFile; fileRef = 6594338427D4CD390016EDE7 /* DanjiDeleteJob.swift */; };
		6594338927D4CD7B0016EDE7 /* DanjiSortJob.swift in Sources */ = {isa = PBXBuildFile; fileRef = 6594338827D4CD7B0016EDE7 /* DanjiSortJob.swift */; };
		6594338B27D4CE510016EDE7 /* DanjiUpdateJob.swift in Sources */ = {isa = PBXBuildFile; fileRef = 6594338A27D4CE510016EDE7 /* DanjiUpdateJob.swift */; };
		6594338E27D4CE9C0016EDE7 /* MemoAddJob.swift in Sources */ = {isa = PBXBuildFile; fileRef = 6594338D27D4CE9C0016EDE7 /* MemoAddJob.swift */; };
		6594339027D4D1470016EDE7 /* MemoDeleteJob.swift in Sources */ = {isa = PBXBuildFile; fileRef = 6594338F27D4D1470016EDE7 /* MemoDeleteJob.swift */; };
		6594339227D4D2C00016EDE7 /* MemoUpdateJob.swift in Sources */ = {isa = PBXBuildFile; fileRef = 6594339127D4D2C00016EDE7 /* MemoUpdateJob.swift */; };
		6594339727D4D5590016EDE7 /* JobService.swift in Sources */ = {isa = PBXBuildFile; fileRef = 6594339627D4D5590016EDE7 /* JobService.swift */; };
		6594339927D4D59D0016EDE7 /* LocalEnvironment.swift in Sources */ = {isa = PBXBuildFile; fileRef = 6594339827D4D59D0016EDE7 /* LocalEnvironment.swift */; };
		659625E2262BF51D00277B80 /* ReactorKit in Frameworks */ = {isa = PBXBuildFile; productRef = 659625E1262BF51D00277B80 /* ReactorKit */; };
		659625E9262BF60D00277B80 /* HomeViewController.swift in Sources */ = {isa = PBXBuildFile; fileRef = 659625E8262BF60D00277B80 /* HomeViewController.swift */; };
		659625F4262BFA1300277B80 /* Danji.swift in Sources */ = {isa = PBXBuildFile; fileRef = 659625F3262BFA1300277B80 /* Danji.swift */; };
		659625F8262BFA2B00277B80 /* Memo.swift in Sources */ = {isa = PBXBuildFile; fileRef = 659625F7262BFA2B00277B80 /* Memo.swift */; };
		659E542B265510AC00C6378A /* BMDJTextField.swift in Sources */ = {isa = PBXBuildFile; fileRef = 659E542A265510AC00C6378A /* BMDJTextField.swift */; };
		659EF7F32677A4D9003006F4 /* DanjiDregs.swift in Sources */ = {isa = PBXBuildFile; fileRef = 659EF7F22677A4D9003006F4 /* DanjiDregs.swift */; };
		65A8997A27F4BE1E0021DD29 /* HomeViewReactor.swift in Sources */ = {isa = PBXBuildFile; fileRef = 659625EE262BF80700277B80 /* HomeViewReactor.swift */; };
		65B02E7B2651109A00A61D17 /* DanjiSettingViewController.swift in Sources */ = {isa = PBXBuildFile; fileRef = 65B02E7A2651109A00A61D17 /* DanjiSettingViewController.swift */; };
		65B02E7E2651177200A61D17 /* DanjiSettingViewReactor.swift in Sources */ = {isa = PBXBuildFile; fileRef = 65B02E7D2651177200A61D17 /* DanjiSettingViewReactor.swift */; };
		65B02E8126511B3200A61D17 /* LoginViewController.swift in Sources */ = {isa = PBXBuildFile; fileRef = 65B02E8026511B3200A61D17 /* LoginViewController.swift */; };
		65B02E8426511E9D00A61D17 /* LoginViewReactor.swift in Sources */ = {isa = PBXBuildFile; fileRef = 65B02E8326511E9D00A61D17 /* LoginViewReactor.swift */; };
		65B377A6262AE513000D03E7 /* AppDelegate.swift in Sources */ = {isa = PBXBuildFile; fileRef = 65B377A5262AE513000D03E7 /* AppDelegate.swift */; };
		65B377AF262AE514000D03E7 /* Assets.xcassets in Resources */ = {isa = PBXBuildFile; fileRef = 65B377AE262AE514000D03E7 /* Assets.xcassets */; };
		65B377B2262AE514000D03E7 /* LaunchScreen.storyboard in Resources */ = {isa = PBXBuildFile; fileRef = 65B377B0262AE514000D03E7 /* LaunchScreen.storyboard */; };
		65B377BC262AE5A3000D03E7 /* BMDJTypography.swift in Sources */ = {isa = PBXBuildFile; fileRef = 65B377BB262AE5A3000D03E7 /* BMDJTypography.swift */; };
		65B377C0262AE5B0000D03E7 /* BMDJColor.swift in Sources */ = {isa = PBXBuildFile; fileRef = 65B377BF262AE5B0000D03E7 /* BMDJColor.swift */; };
		65B377C4262AE5C5000D03E7 /* UIColor.swift in Sources */ = {isa = PBXBuildFile; fileRef = 65B377C3262AE5C5000D03E7 /* UIColor.swift */; };
		65B377C9262AE687000D03E7 /* SnapKit in Frameworks */ = {isa = PBXBuildFile; productRef = 65B377C8262AE687000D03E7 /* SnapKit */; };
		65B377D9262AE6C4000D03E7 /* RxKingfisher in Frameworks */ = {isa = PBXBuildFile; productRef = 65B377D8262AE6C4000D03E7 /* RxKingfisher */; };
		65B377DD262AE729000D03E7 /* RxAlamofire in Frameworks */ = {isa = PBXBuildFile; productRef = 65B377DC262AE729000D03E7 /* RxAlamofire */; };
		65B893FD268A3362001BB6D9 /* ServiceProvider.swift in Sources */ = {isa = PBXBuildFile; fileRef = 65B893FC268A3362001BB6D9 /* ServiceProvider.swift */; };
		65B893FF268A3C18001BB6D9 /* BaseService.swift in Sources */ = {isa = PBXBuildFile; fileRef = 65B893FE268A3C18001BB6D9 /* BaseService.swift */; };
		65C152DD2659789400418EBE /* DanjiSortTableCell.swift in Sources */ = {isa = PBXBuildFile; fileRef = 65C152DC2659789400418EBE /* DanjiSortTableCell.swift */; };
		65C152E2265978C500418EBE /* DanjiSortTableCellReactor.swift in Sources */ = {isa = PBXBuildFile; fileRef = 65C152E1265978C500418EBE /* DanjiSortTableCellReactor.swift */; };
		65CA5537268A13940006FCDB /* LottieTestViewController.swift in Sources */ = {isa = PBXBuildFile; fileRef = 65CA5536268A13940006FCDB /* LottieTestViewController.swift */; };
		65CA5539268A14970006FCDB /* danji.json in Resources */ = {isa = PBXBuildFile; fileRef = 65CA5538268A14970006FCDB /* danji.json */; };
		65CB2A7626B1BD8E00C61E50 /* AuthRouter.swift in Sources */ = {isa = PBXBuildFile; fileRef = 65CB2A7526B1BD8E00C61E50 /* AuthRouter.swift */; };
		65D2D49E2731A655007D9D8C /* MemoEditViewController.swift in Sources */ = {isa = PBXBuildFile; fileRef = 65D2D49D2731A655007D9D8C /* MemoEditViewController.swift */; };
		65D6A42F2776E610009A3A6E /* EditPopupViewReactor.swift in Sources */ = {isa = PBXBuildFile; fileRef = 65D6A42E2776E610009A3A6E /* EditPopupViewReactor.swift */; };
		65D6A43427772A6F009A3A6E /* StockSearchViewController.swift in Sources */ = {isa = PBXBuildFile; fileRef = 65D6A43327772A6F009A3A6E /* StockSearchViewController.swift */; };
		65D6A43627772A7C009A3A6E /* StockSearchViewReactor.swift in Sources */ = {isa = PBXBuildFile; fileRef = 65D6A43527772A7C009A3A6E /* StockSearchViewReactor.swift */; };
		65D6A43B27773138009A3A6E /* StockCell.swift in Sources */ = {isa = PBXBuildFile; fileRef = 65D6A43A27773138009A3A6E /* StockCell.swift */; };
		65D6A43D2777313E009A3A6E /* StockCellReactor.swift in Sources */ = {isa = PBXBuildFile; fileRef = 65D6A43C2777313E009A3A6E /* StockCellReactor.swift */; };
		65D6A440277737DB009A3A6E /* DanjiEmptyCell.swift in Sources */ = {isa = PBXBuildFile; fileRef = 65D6A43F277737DB009A3A6E /* DanjiEmptyCell.swift */; };
		65D6A442277737E1009A3A6E /* DanjiEmptyCellReactor.swift in Sources */ = {isa = PBXBuildFile; fileRef = 65D6A441277737E1009A3A6E /* DanjiEmptyCellReactor.swift */; };
		65D7D29226849BDF00D69C7C /* Array.swift in Sources */ = {isa = PBXBuildFile; fileRef = 65D7D29126849BDF00D69C7C /* Array.swift */; };
		65D985322675F86C00D3F467 /* DanjiCreate.swift in Sources */ = {isa = PBXBuildFile; fileRef = 65D985312675F86C00D3F467 /* DanjiCreate.swift */; };
		65DB9A6B26E3DC8500643D71 /* LicenseListViewReactor.swift in Sources */ = {isa = PBXBuildFile; fileRef = 65DB9A6A26E3DC8500643D71 /* LicenseListViewReactor.swift */; };
		65DB9A6D26E3DCC700643D71 /* LicenseDetailViewReactor.swift in Sources */ = {isa = PBXBuildFile; fileRef = 65DB9A6C26E3DCC700643D71 /* LicenseDetailViewReactor.swift */; };
		65E2140826E3D60C00136D18 /* LicenseListViewController.swift in Sources */ = {isa = PBXBuildFile; fileRef = 65E2140726E3D60C00136D18 /* LicenseListViewController.swift */; };
		65E2140A26E3D61600136D18 /* LicenseDetailViewController.swift in Sources */ = {isa = PBXBuildFile; fileRef = 65E2140926E3D61600136D18 /* LicenseDetailViewController.swift */; };
		65EF92B4264839D300EB6315 /* MemoAddViewController.swift in Sources */ = {isa = PBXBuildFile; fileRef = 65EF92B3264839D300EB6315 /* MemoAddViewController.swift */; };
		65EF92B726484AC200EB6315 /* MemoAddViewReactor.swift in Sources */ = {isa = PBXBuildFile; fileRef = 65EF92B626484AC200EB6315 /* MemoAddViewReactor.swift */; };
		65F3018126C99330004FAA63 /* GoogleService-Info.plist in Resources */ = {isa = PBXBuildFile; fileRef = 65F3018026C99330004FAA63 /* GoogleService-Info.plist */; };
		65FA36F1271AB9AC00131FAA /* MobileCoreServices.framework in Frameworks */ = {isa = PBXBuildFile; fileRef = 65FA36F0271AB9AC00131FAA /* MobileCoreServices.framework */; };
		65FA36F3271AB9BD00131FAA /* CFNetwork.framework in Frameworks */ = {isa = PBXBuildFile; fileRef = 65FA36F2271AB9BD00131FAA /* CFNetwork.framework */; };
		65FA36F5271AB9C400131FAA /* WebKit.framework in Frameworks */ = {isa = PBXBuildFile; fileRef = 65FA36F4271AB9C400131FAA /* WebKit.framework */; };
		65FA36F7271AB9E800131FAA /* libz.tbd in Frameworks */ = {isa = PBXBuildFile; fileRef = 65FA36F6271AB9D600131FAA /* libz.tbd */; };
		65FA36FC271ABDC900131FAA /* UserHabit.framework in Frameworks */ = {isa = PBXBuildFile; fileRef = 65FA36FB271ABDC900131FAA /* UserHabit.framework */; };
		65FC091A26639359001E70FC /* BMDJWeatherView.swift in Sources */ = {isa = PBXBuildFile; fileRef = 65FC091926639359001E70FC /* BMDJWeatherView.swift */; };
		65FD602326B070430049023F /* GoogleSignIn in Frameworks */ = {isa = PBXBuildFile; productRef = 65FD602226B070430049023F /* GoogleSignIn */; };
		65FF1E0D2658E49D00F65164 /* BMDJMoodSwitch.swift in Sources */ = {isa = PBXBuildFile; fileRef = 65FF1E0C2658E49D00F65164 /* BMDJMoodSwitch.swift */; };
		65FF1E122658F44E00F65164 /* ColorCollectionCell.swift in Sources */ = {isa = PBXBuildFile; fileRef = 65FF1E112658F44E00F65164 /* ColorCollectionCell.swift */; };
		65FF1E152658F45700F65164 /* ColorCollectionCellReactor.swift in Sources */ = {isa = PBXBuildFile; fileRef = 65FF1E142658F45700F65164 /* ColorCollectionCellReactor.swift */; };
		65FF1E1C2658FF5C00F65164 /* DayCollectionCell.swift in Sources */ = {isa = PBXBuildFile; fileRef = 65FF1E1B2658FF5C00F65164 /* DayCollectionCell.swift */; };
		65FF1E1F2658FF7A00F65164 /* DayCollectionCellReactor.swift in Sources */ = {isa = PBXBuildFile; fileRef = 65FF1E1E2658FF7A00F65164 /* DayCollectionCellReactor.swift */; };
/* End PBXBuildFile section */

/* Begin PBXFileReference section */
		650219A726AB0D06000A1CF1 /* Rec.json */ = {isa = PBXFileReference; fileEncoding = 4; lastKnownFileType = text.json; path = Rec.json; sourceTree = "<group>"; };
		6503613926713279006CEBC1 /* MemoViewReactor.swift */ = {isa = PBXFileReference; lastKnownFileType = sourcecode.swift; path = MemoViewReactor.swift; sourceTree = "<group>"; };
		65048A812656B74800B275D0 /* data.json */ = {isa = PBXFileReference; fileEncoding = 4; lastKnownFileType = text.json; path = data.json; sourceTree = "<group>"; };
		6505390E2795BC67003651BA /* StockInfo.swift */ = {isa = PBXFileReference; lastKnownFileType = sourcecode.swift; path = StockInfo.swift; sourceTree = "<group>"; };
		65091C4026C97775000F698A /* UserDefaultService.swift */ = {isa = PBXFileReference; lastKnownFileType = sourcecode.swift; path = UserDefaultService.swift; sourceTree = "<group>"; };
		650B75892732F18D000D2B79 /* AlertViewController.swift */ = {isa = PBXFileReference; lastKnownFileType = sourcecode.swift; path = AlertViewController.swift; sourceTree = "<group>"; };
		650B758B2732F19F000D2B79 /* AlertViewReactor.swift */ = {isa = PBXFileReference; lastKnownFileType = sourcecode.swift; path = AlertViewReactor.swift; sourceTree = "<group>"; };
		650D2A5F26C4327200F9981E /* ImageImportButton.swift */ = {isa = PBXFileReference; lastKnownFileType = sourcecode.swift; path = ImageImportButton.swift; sourceTree = "<group>"; };
		65110673269F44B0009AB050 /* Int.swift */ = {isa = PBXFileReference; lastKnownFileType = sourcecode.swift; path = Int.swift; sourceTree = "<group>"; };
		65139D2726B31AE000E32718 /* AuthClient.swift */ = {isa = PBXFileReference; lastKnownFileType = sourcecode.swift; path = AuthClient.swift; sourceTree = "<group>"; };
		6519946D26498AE80067A29D /* DanjiSortViewController.swift */ = {isa = PBXFileReference; lastKnownFileType = sourcecode.swift; path = DanjiSortViewController.swift; sourceTree = "<group>"; };
		651A3B3627FDFDCB00361140 /* UIImage.swift */ = {isa = PBXFileReference; lastKnownFileType = sourcecode.swift; path = UIImage.swift; sourceTree = "<group>"; };
		651BAC22265A31090090D6A7 /* UIView.swift */ = {isa = PBXFileReference; lastKnownFileType = sourcecode.swift; path = UIView.swift; sourceTree = "<group>"; };
		651BAC2B265A503D0090D6A7 /* SettingTableCell.swift */ = {isa = PBXFileReference; lastKnownFileType = sourcecode.swift; path = SettingTableCell.swift; sourceTree = "<group>"; };
		651BAC2E265A50450090D6A7 /* SettingTableCellReactor.swift */ = {isa = PBXFileReference; lastKnownFileType = sourcecode.swift; path = SettingTableCellReactor.swift; sourceTree = "<group>"; };
		6520138D276A639C006F3DC1 /* GuideViewController.swift */ = {isa = PBXFileReference; lastKnownFileType = sourcecode.swift; path = GuideViewController.swift; sourceTree = "<group>"; };
		6520138F276A63AC006F3DC1 /* GuideViewReactor.swift */ = {isa = PBXFileReference; lastKnownFileType = sourcecode.swift; path = GuideViewReactor.swift; sourceTree = "<group>"; };
		65201392276A65B7006F3DC1 /* PagePointView.swift */ = {isa = PBXFileReference; lastKnownFileType = sourcecode.swift; path = PagePointView.swift; sourceTree = "<group>"; };
		65261A7B269359B5005E877C /* MemoRepository.swift */ = {isa = PBXFileReference; lastKnownFileType = sourcecode.swift; path = MemoRepository.swift; sourceTree = "<group>"; };
		65261A7D2693616A005E877C /* MemoCreate.swift */ = {isa = PBXFileReference; lastKnownFileType = sourcecode.swift; path = MemoCreate.swift; sourceTree = "<group>"; };
		6528EA1A2635219400D06F17 /* BMDJImage.swift */ = {isa = PBXFileReference; lastKnownFileType = sourcecode.swift; path = BMDJImage.swift; sourceTree = "<group>"; };
		652A4E2B277D97D300F7D54A /* BMDJSearchBar.swift */ = {isa = PBXFileReference; lastKnownFileType = sourcecode.swift; path = BMDJSearchBar.swift; sourceTree = "<group>"; };
		652A4E2F277DA2BB00F7D54A /* StockService.swift */ = {isa = PBXFileReference; lastKnownFileType = sourcecode.swift; path = StockService.swift; sourceTree = "<group>"; };
		65300B07278DD86D007FA1FD /* BMDJGuideImageView.swift */ = {isa = PBXFileReference; lastKnownFileType = sourcecode.swift; path = BMDJGuideImageView.swift; sourceTree = "<group>"; };
		6538437826C9184200910A27 /* KeychainService.swift */ = {isa = PBXFileReference; lastKnownFileType = sourcecode.swift; path = KeychainService.swift; sourceTree = "<group>"; };
		653970DE2799B6C70006E2A9 /* FIBDatabaseService.swift */ = {isa = PBXFileReference; lastKnownFileType = sourcecode.swift; path = FIBDatabaseService.swift; sourceTree = "<group>"; };
		65429F8A2660CDA2000819BE /* NetworkResult.swift */ = {isa = PBXFileReference; lastKnownFileType = sourcecode.swift; path = NetworkResult.swift; sourceTree = "<group>"; };
		65440B5726B6757500186E7B /* PrivacyPolicyViewController.swift */ = {isa = PBXFileReference; lastKnownFileType = sourcecode.swift; path = PrivacyPolicyViewController.swift; sourceTree = "<group>"; };
		65440B5926B67C1100186E7B /* PrivacyPolicyReactor.swift */ = {isa = PBXFileReference; lastKnownFileType = sourcecode.swift; path = PrivacyPolicyReactor.swift; sourceTree = "<group>"; };
		65457B92265AD3C800F7F8F3 /* URLRequest.swift */ = {isa = PBXFileReference; lastKnownFileType = sourcecode.swift; path = URLRequest.swift; sourceTree = "<group>"; };
		6546D65427897C8800C39D5C /* BMDJIconTextField.swift */ = {isa = PBXFileReference; lastKnownFileType = sourcecode.swift; path = BMDJIconTextField.swift; sourceTree = "<group>"; };
		6554B36A2691BAC90080D3C5 /* MemoDatabaseService.swift */ = {isa = PBXFileReference; lastKnownFileType = sourcecode.swift; path = MemoDatabaseService.swift; sourceTree = "<group>"; };
		6559820B264416720011D5BC /* MenuViewController.swift */ = {isa = PBXFileReference; lastKnownFileType = sourcecode.swift; path = MenuViewController.swift; sourceTree = "<group>"; };
		6559820E264418140011D5BC /* MenuViewReactor.swift */ = {isa = PBXFileReference; lastKnownFileType = sourcecode.swift; path = MenuViewReactor.swift; sourceTree = "<group>"; };
		655DC07C267DD5B9000A44A0 /* DanjiCellDelegateProxy.swift */ = {isa = PBXFileReference; lastKnownFileType = sourcecode.swift; path = DanjiCellDelegateProxy.swift; sourceTree = "<group>"; };
		656040992680F4FF00F9A725 /* SettingTItleHeader.swift */ = {isa = PBXFileReference; lastKnownFileType = sourcecode.swift; path = SettingTItleHeader.swift; sourceTree = "<group>"; };
		6560409D2680F50D00F9A725 /* SettingTitleHeaderReactor.swift */ = {isa = PBXFileReference; lastKnownFileType = sourcecode.swift; path = SettingTitleHeaderReactor.swift; sourceTree = "<group>"; };
		65620A05266E84E30041C780 /* MemoViewController.swift */ = {isa = PBXFileReference; lastKnownFileType = sourcecode.swift; path = MemoViewController.swift; sourceTree = "<group>"; };
		656574C927946600008B56D5 /* BMDJIconButton.swift */ = {isa = PBXFileReference; lastKnownFileType = sourcecode.swift; path = BMDJIconButton.swift; sourceTree = "<group>"; };
		65724E51273ACFEC00C84E91 /* MemoEditViewReactor.swift */ = {isa = PBXFileReference; lastKnownFileType = sourcecode.swift; path = MemoEditViewReactor.swift; sourceTree = "<group>"; };
		65739EA2263E9661009AA160 /* Date+Utility.swift */ = {isa = PBXFileReference; lastKnownFileType = sourcecode.swift; path = "Date+Utility.swift"; sourceTree = "<group>"; };
		65739EA5263E96C0009AA160 /* Date.swift */ = {isa = PBXFileReference; lastKnownFileType = sourcecode.swift; path = Date.swift; sourceTree = "<group>"; };
		6575A00B267E60DA0004ACEF /* DataBaseService.swift */ = {isa = PBXFileReference; lastKnownFileType = sourcecode.swift; path = DataBaseService.swift; sourceTree = "<group>"; };
		6575A015267E64990004ACEF /* File+Utility.swift */ = {isa = PBXFileReference; lastKnownFileType = sourcecode.swift; path = "File+Utility.swift"; sourceTree = "<group>"; };
		65776411263713DB001947CF /* DanjiCollectionCell.swift */ = {isa = PBXFileReference; lastKnownFileType = sourcecode.swift; path = DanjiCollectionCell.swift; sourceTree = "<group>"; };
		6577641526371780001947CF /* AppService.swift */ = {isa = PBXFileReference; lastKnownFileType = sourcecode.swift; path = AppService.swift; sourceTree = "<group>"; };
		657764192637184A001947CF /* CGFloat.swift */ = {isa = PBXFileReference; lastKnownFileType = sourcecode.swift; path = CGFloat.swift; sourceTree = "<group>"; };
		657CF7FE267F330200A4CD57 /* MemoListViewController.swift */ = {isa = PBXFileReference; lastKnownFileType = sourcecode.swift; path = MemoListViewController.swift; sourceTree = "<group>"; };
		657CF801267F369A00A4CD57 /* MemoListViewReactor.swift */ = {isa = PBXFileReference; lastKnownFileType = sourcecode.swift; path = MemoListViewReactor.swift; sourceTree = "<group>"; };
		657EC22B265823D100D343DF /* DanjiRepository.swift */ = {isa = PBXFileReference; lastKnownFileType = sourcecode.swift; path = DanjiRepository.swift; sourceTree = "<group>"; };
		657ED690263093C6008823BC /* Stock.swift */ = {isa = PBXFileReference; lastKnownFileType = sourcecode.swift; path = Stock.swift; sourceTree = "<group>"; };
		6580837E265C09980071EED7 /* DanjiBase.swift */ = {isa = PBXFileReference; lastKnownFileType = sourcecode.swift; path = DanjiBase.swift; sourceTree = "<group>"; };
		6582DAC2278AC0D600B104EA /* BMDJGradientView.swift */ = {isa = PBXFileReference; lastKnownFileType = sourcecode.swift; path = BMDJGradientView.swift; sourceTree = "<group>"; };
		6585A97D265D69CD008D6858 /* MemoRouter.swift */ = {isa = PBXFileReference; lastKnownFileType = sourcecode.swift; path = MemoRouter.swift; sourceTree = "<group>"; };
		6585A981265D69D7008D6858 /* MemoClient.swift */ = {isa = PBXFileReference; lastKnownFileType = sourcecode.swift; path = MemoClient.swift; sourceTree = "<group>"; };
		6586A62C271EAF2500AEFC7C /* EditPopupViewController.swift */ = {isa = PBXFileReference; lastKnownFileType = sourcecode.swift; path = EditPopupViewController.swift; sourceTree = "<group>"; };
		6586FF41264ACDDC00BF4CD5 /* DanjiSortViewReactor.swift */ = {isa = PBXFileReference; lastKnownFileType = sourcecode.swift; path = DanjiSortViewReactor.swift; sourceTree = "<group>"; };
		6586FF44264AD3B800BF4CD5 /* DanjiPlantViewController.swift */ = {isa = PBXFileReference; lastKnownFileType = sourcecode.swift; path = DanjiPlantViewController.swift; sourceTree = "<group>"; };
		6586FF47264AE0D000BF4CD5 /* DanjiPlantViewReactor.swift */ = {isa = PBXFileReference; lastKnownFileType = sourcecode.swift; path = DanjiPlantViewReactor.swift; sourceTree = "<group>"; };
		6587E2F8264E4C5D00654178 /* DanjiRouter.swift */ = {isa = PBXFileReference; lastKnownFileType = sourcecode.swift; path = DanjiRouter.swift; sourceTree = "<group>"; };
		6587E2FB264E59FF00654178 /* DanjiClient.swift */ = {isa = PBXFileReference; lastKnownFileType = sourcecode.swift; path = DanjiClient.swift; sourceTree = "<group>"; };
		65898D7626CC180400DAD62C /* IndicatorViewController.swift */ = {isa = PBXFileReference; lastKnownFileType = sourcecode.swift; path = IndicatorViewController.swift; sourceTree = "<group>"; };
		658B160B27D88E3800945098 /* JobClient.swift */ = {isa = PBXFileReference; lastKnownFileType = sourcecode.swift; path = JobClient.swift; sourceTree = "<group>"; };
		658B160F27D8C0E200945098 /* DatabaseService.swift */ = {isa = PBXFileReference; lastKnownFileType = sourcecode.swift; name = DatabaseService.swift; path = ../Feature/DatabaseService.swift; sourceTree = "<group>"; };
		658B161127D8C47000945098 /* Repository.swift */ = {isa = PBXFileReference; lastKnownFileType = sourcecode.swift; path = Repository.swift; sourceTree = "<group>"; };
		658CC9F1263D38E9000286D3 /* MemoCollectionCell.swift */ = {isa = PBXFileReference; lastKnownFileType = sourcecode.swift; path = MemoCollectionCell.swift; sourceTree = "<group>"; };
		658CC9F4263D440F000286D3 /* DanjiCollectionCellReactor.swift */ = {isa = PBXFileReference; lastKnownFileType = sourcecode.swift; path = DanjiCollectionCellReactor.swift; sourceTree = "<group>"; };
		658CC9FB263DB89B000286D3 /* MemoCollectionCellReactor.swift */ = {isa = PBXFileReference; lastKnownFileType = sourcecode.swift; path = MemoCollectionCellReactor.swift; sourceTree = "<group>"; };
		6594337B27D4C9DB0016EDE7 /* Job.swift */ = {isa = PBXFileReference; lastKnownFileType = sourcecode.swift; path = Job.swift; sourceTree = "<group>"; };
		6594337D27D4CA0D0016EDE7 /* JobTarget.swift */ = {isa = PBXFileReference; lastKnownFileType = sourcecode.swift; path = JobTarget.swift; sourceTree = "<group>"; };
		6594337F27D4CA240016EDE7 /* JobEvent.swift */ = {isa = PBXFileReference; lastKnownFileType = sourcecode.swift; path = JobEvent.swift; sourceTree = "<group>"; };
		6594338127D4CA770016EDE7 /* DanjiAddJob.swift */ = {isa = PBXFileReference; lastKnownFileType = sourcecode.swift; path = DanjiAddJob.swift; sourceTree = "<group>"; };
		6594338427D4CD390016EDE7 /* DanjiDeleteJob.swift */ = {isa = PBXFileReference; lastKnownFileType = sourcecode.swift; path = DanjiDeleteJob.swift; sourceTree = "<group>"; };
		6594338827D4CD7B0016EDE7 /* DanjiSortJob.swift */ = {isa = PBXFileReference; lastKnownFileType = sourcecode.swift; path = DanjiSortJob.swift; sourceTree = "<group>"; };
		6594338A27D4CE510016EDE7 /* DanjiUpdateJob.swift */ = {isa = PBXFileReference; lastKnownFileType = sourcecode.swift; path = DanjiUpdateJob.swift; sourceTree = "<group>"; };
		6594338D27D4CE9C0016EDE7 /* MemoAddJob.swift */ = {isa = PBXFileReference; lastKnownFileType = sourcecode.swift; path = MemoAddJob.swift; sourceTree = "<group>"; };
		6594338F27D4D1470016EDE7 /* MemoDeleteJob.swift */ = {isa = PBXFileReference; lastKnownFileType = sourcecode.swift; path = MemoDeleteJob.swift; sourceTree = "<group>"; };
		6594339127D4D2C00016EDE7 /* MemoUpdateJob.swift */ = {isa = PBXFileReference; lastKnownFileType = sourcecode.swift; path = MemoUpdateJob.swift; sourceTree = "<group>"; };
		6594339627D4D5590016EDE7 /* JobService.swift */ = {isa = PBXFileReference; lastKnownFileType = sourcecode.swift; path = JobService.swift; sourceTree = "<group>"; };
		6594339827D4D59D0016EDE7 /* LocalEnvironment.swift */ = {isa = PBXFileReference; lastKnownFileType = sourcecode.swift; path = LocalEnvironment.swift; sourceTree = "<group>"; };
		659625E8262BF60D00277B80 /* HomeViewController.swift */ = {isa = PBXFileReference; lastKnownFileType = sourcecode.swift; path = HomeViewController.swift; sourceTree = "<group>"; };
		659625EE262BF80700277B80 /* HomeViewReactor.swift */ = {isa = PBXFileReference; lastKnownFileType = sourcecode.swift; path = HomeViewReactor.swift; sourceTree = "<group>"; };
		659625F3262BFA1300277B80 /* Danji.swift */ = {isa = PBXFileReference; lastKnownFileType = sourcecode.swift; path = Danji.swift; sourceTree = "<group>"; };
		659625F7262BFA2B00277B80 /* Memo.swift */ = {isa = PBXFileReference; lastKnownFileType = sourcecode.swift; path = Memo.swift; sourceTree = "<group>"; };
		659E542A265510AC00C6378A /* BMDJTextField.swift */ = {isa = PBXFileReference; lastKnownFileType = sourcecode.swift; path = BMDJTextField.swift; sourceTree = "<group>"; };
		659EF7F22677A4D9003006F4 /* DanjiDregs.swift */ = {isa = PBXFileReference; lastKnownFileType = sourcecode.swift; path = DanjiDregs.swift; sourceTree = "<group>"; };
		65B02E7A2651109A00A61D17 /* DanjiSettingViewController.swift */ = {isa = PBXFileReference; lastKnownFileType = sourcecode.swift; path = DanjiSettingViewController.swift; sourceTree = "<group>"; };
		65B02E7D2651177200A61D17 /* DanjiSettingViewReactor.swift */ = {isa = PBXFileReference; lastKnownFileType = sourcecode.swift; path = DanjiSettingViewReactor.swift; sourceTree = "<group>"; };
		65B02E8026511B3200A61D17 /* LoginViewController.swift */ = {isa = PBXFileReference; lastKnownFileType = sourcecode.swift; path = LoginViewController.swift; sourceTree = "<group>"; };
		65B02E8326511E9D00A61D17 /* LoginViewReactor.swift */ = {isa = PBXFileReference; lastKnownFileType = sourcecode.swift; path = LoginViewReactor.swift; sourceTree = "<group>"; };
		65B377A2262AE513000D03E7 /* BMDJ.app */ = {isa = PBXFileReference; explicitFileType = wrapper.application; includeInIndex = 0; path = BMDJ.app; sourceTree = BUILT_PRODUCTS_DIR; };
		65B377A5262AE513000D03E7 /* AppDelegate.swift */ = {isa = PBXFileReference; lastKnownFileType = sourcecode.swift; path = AppDelegate.swift; sourceTree = "<group>"; };
		65B377AE262AE514000D03E7 /* Assets.xcassets */ = {isa = PBXFileReference; lastKnownFileType = folder.assetcatalog; path = Assets.xcassets; sourceTree = "<group>"; };
		65B377B1262AE514000D03E7 /* Base */ = {isa = PBXFileReference; lastKnownFileType = file.storyboard; name = Base; path = Base.lproj/LaunchScreen.storyboard; sourceTree = "<group>"; };
		65B377B3262AE514000D03E7 /* Info.plist */ = {isa = PBXFileReference; lastKnownFileType = text.plist.xml; path = Info.plist; sourceTree = "<group>"; };
		65B377BB262AE5A3000D03E7 /* BMDJTypography.swift */ = {isa = PBXFileReference; lastKnownFileType = sourcecode.swift; path = BMDJTypography.swift; sourceTree = "<group>"; };
		65B377BF262AE5B0000D03E7 /* BMDJColor.swift */ = {isa = PBXFileReference; lastKnownFileType = sourcecode.swift; path = BMDJColor.swift; sourceTree = "<group>"; };
		65B377C3262AE5C5000D03E7 /* UIColor.swift */ = {isa = PBXFileReference; lastKnownFileType = sourcecode.swift; path = UIColor.swift; sourceTree = "<group>"; };
		65B893FC268A3362001BB6D9 /* ServiceProvider.swift */ = {isa = PBXFileReference; lastKnownFileType = sourcecode.swift; path = ServiceProvider.swift; sourceTree = "<group>"; };
		65B893FE268A3C18001BB6D9 /* BaseService.swift */ = {isa = PBXFileReference; lastKnownFileType = sourcecode.swift; path = BaseService.swift; sourceTree = "<group>"; };
		65C152DC2659789400418EBE /* DanjiSortTableCell.swift */ = {isa = PBXFileReference; lastKnownFileType = sourcecode.swift; path = DanjiSortTableCell.swift; sourceTree = "<group>"; };
		65C152E1265978C500418EBE /* DanjiSortTableCellReactor.swift */ = {isa = PBXFileReference; lastKnownFileType = sourcecode.swift; path = DanjiSortTableCellReactor.swift; sourceTree = "<group>"; };
		65CA5536268A13940006FCDB /* LottieTestViewController.swift */ = {isa = PBXFileReference; lastKnownFileType = sourcecode.swift; path = LottieTestViewController.swift; sourceTree = "<group>"; };
		65CA5538268A14970006FCDB /* danji.json */ = {isa = PBXFileReference; fileEncoding = 4; lastKnownFileType = text.json; path = danji.json; sourceTree = "<group>"; };
		65CB2A7526B1BD8E00C61E50 /* AuthRouter.swift */ = {isa = PBXFileReference; lastKnownFileType = sourcecode.swift; path = AuthRouter.swift; sourceTree = "<group>"; };
		65D2D49D2731A655007D9D8C /* MemoEditViewController.swift */ = {isa = PBXFileReference; lastKnownFileType = sourcecode.swift; path = MemoEditViewController.swift; sourceTree = "<group>"; };
		65D6A42E2776E610009A3A6E /* EditPopupViewReactor.swift */ = {isa = PBXFileReference; fileEncoding = 4; lastKnownFileType = sourcecode.swift; path = EditPopupViewReactor.swift; sourceTree = "<group>"; };
		65D6A43327772A6F009A3A6E /* StockSearchViewController.swift */ = {isa = PBXFileReference; lastKnownFileType = sourcecode.swift; path = StockSearchViewController.swift; sourceTree = "<group>"; };
		65D6A43527772A7C009A3A6E /* StockSearchViewReactor.swift */ = {isa = PBXFileReference; lastKnownFileType = sourcecode.swift; path = StockSearchViewReactor.swift; sourceTree = "<group>"; };
		65D6A43A27773138009A3A6E /* StockCell.swift */ = {isa = PBXFileReference; lastKnownFileType = sourcecode.swift; path = StockCell.swift; sourceTree = "<group>"; };
		65D6A43C2777313E009A3A6E /* StockCellReactor.swift */ = {isa = PBXFileReference; lastKnownFileType = sourcecode.swift; path = StockCellReactor.swift; sourceTree = "<group>"; };
		65D6A43F277737DB009A3A6E /* DanjiEmptyCell.swift */ = {isa = PBXFileReference; lastKnownFileType = sourcecode.swift; path = DanjiEmptyCell.swift; sourceTree = "<group>"; };
		65D6A441277737E1009A3A6E /* DanjiEmptyCellReactor.swift */ = {isa = PBXFileReference; lastKnownFileType = sourcecode.swift; path = DanjiEmptyCellReactor.swift; sourceTree = "<group>"; };
		65D7D29126849BDF00D69C7C /* Array.swift */ = {isa = PBXFileReference; lastKnownFileType = sourcecode.swift; path = Array.swift; sourceTree = "<group>"; };
		65D985312675F86C00D3F467 /* DanjiCreate.swift */ = {isa = PBXFileReference; lastKnownFileType = sourcecode.swift; path = DanjiCreate.swift; sourceTree = "<group>"; };
		65DB9A6A26E3DC8500643D71 /* LicenseListViewReactor.swift */ = {isa = PBXFileReference; lastKnownFileType = sourcecode.swift; path = LicenseListViewReactor.swift; sourceTree = "<group>"; };
		65DB9A6C26E3DCC700643D71 /* LicenseDetailViewReactor.swift */ = {isa = PBXFileReference; lastKnownFileType = sourcecode.swift; path = LicenseDetailViewReactor.swift; sourceTree = "<group>"; };
		65E2140726E3D60C00136D18 /* LicenseListViewController.swift */ = {isa = PBXFileReference; lastKnownFileType = sourcecode.swift; path = LicenseListViewController.swift; sourceTree = "<group>"; };
		65E2140926E3D61600136D18 /* LicenseDetailViewController.swift */ = {isa = PBXFileReference; lastKnownFileType = sourcecode.swift; path = LicenseDetailViewController.swift; sourceTree = "<group>"; };
		65EF92B3264839D300EB6315 /* MemoAddViewController.swift */ = {isa = PBXFileReference; lastKnownFileType = sourcecode.swift; path = MemoAddViewController.swift; sourceTree = "<group>"; };
		65EF92B626484AC200EB6315 /* MemoAddViewReactor.swift */ = {isa = PBXFileReference; lastKnownFileType = sourcecode.swift; path = MemoAddViewReactor.swift; sourceTree = "<group>"; };
		65F3018026C99330004FAA63 /* GoogleService-Info.plist */ = {isa = PBXFileReference; fileEncoding = 4; lastKnownFileType = text.plist.xml; path = "GoogleService-Info.plist"; sourceTree = "<group>"; };
		65FA36EC271AB98900131FAA /* UserHabit.framework */ = {isa = PBXFileReference; lastKnownFileType = wrapper.framework; name = UserHabit.framework; path = ../../../../Downloads/UserHabit.framework; sourceTree = "<group>"; };
		65FA36F0271AB9AC00131FAA /* MobileCoreServices.framework */ = {isa = PBXFileReference; lastKnownFileType = wrapper.framework; name = MobileCoreServices.framework; path = System/Library/Frameworks/MobileCoreServices.framework; sourceTree = SDKROOT; };
		65FA36F2271AB9BD00131FAA /* CFNetwork.framework */ = {isa = PBXFileReference; lastKnownFileType = wrapper.framework; name = CFNetwork.framework; path = System/Library/Frameworks/CFNetwork.framework; sourceTree = SDKROOT; };
		65FA36F4271AB9C400131FAA /* WebKit.framework */ = {isa = PBXFileReference; lastKnownFileType = wrapper.framework; name = WebKit.framework; path = System/Library/Frameworks/WebKit.framework; sourceTree = SDKROOT; };
		65FA36F6271AB9D600131FAA /* libz.tbd */ = {isa = PBXFileReference; lastKnownFileType = "sourcecode.text-based-dylib-definition"; name = libz.tbd; path = usr/lib/libz.tbd; sourceTree = SDKROOT; };
		65FA36F8271ABA5700131FAA /* UserHabit-Bridging-Header.h */ = {isa = PBXFileReference; lastKnownFileType = sourcecode.c.h; path = "UserHabit-Bridging-Header.h"; sourceTree = "<group>"; };
		65FA36FB271ABDC900131FAA /* UserHabit.framework */ = {isa = PBXFileReference; lastKnownFileType = wrapper.framework; path = UserHabit.framework; sourceTree = "<group>"; };
		65FC091926639359001E70FC /* BMDJWeatherView.swift */ = {isa = PBXFileReference; lastKnownFileType = sourcecode.swift; path = BMDJWeatherView.swift; sourceTree = "<group>"; };
		65FD602026B05FDB0049023F /* BMDJ.entitlements */ = {isa = PBXFileReference; lastKnownFileType = text.plist.entitlements; path = BMDJ.entitlements; sourceTree = "<group>"; };
		65FF1E0C2658E49D00F65164 /* BMDJMoodSwitch.swift */ = {isa = PBXFileReference; lastKnownFileType = sourcecode.swift; path = BMDJMoodSwitch.swift; sourceTree = "<group>"; };
		65FF1E112658F44E00F65164 /* ColorCollectionCell.swift */ = {isa = PBXFileReference; lastKnownFileType = sourcecode.swift; path = ColorCollectionCell.swift; sourceTree = "<group>"; };
		65FF1E142658F45700F65164 /* ColorCollectionCellReactor.swift */ = {isa = PBXFileReference; lastKnownFileType = sourcecode.swift; path = ColorCollectionCellReactor.swift; sourceTree = "<group>"; };
		65FF1E1B2658FF5C00F65164 /* DayCollectionCell.swift */ = {isa = PBXFileReference; lastKnownFileType = sourcecode.swift; path = DayCollectionCell.swift; sourceTree = "<group>"; };
		65FF1E1E2658FF7A00F65164 /* DayCollectionCellReactor.swift */ = {isa = PBXFileReference; lastKnownFileType = sourcecode.swift; path = DayCollectionCellReactor.swift; sourceTree = "<group>"; };
/* End PBXFileReference section */

/* Begin PBXFrameworksBuildPhase section */
		65B3779F262AE513000D03E7 /* Frameworks */ = {
			isa = PBXFrameworksBuildPhase;
			buildActionMask = 2147483647;
			files = (
				65B377D9262AE6C4000D03E7 /* RxKingfisher in Frameworks */,
				65FA36F7271AB9E800131FAA /* libz.tbd in Frameworks */,
				655AB69E26E2AC9000A7D9BC /* FirebaseAuth in Frameworks */,
				65048A7F2656B73800B275D0 /* Lottie in Frameworks */,
				655AB69C26E2AC9000A7D9BC /* FirebaseMessaging in Frameworks */,
				655AB6A226E2AC9000A7D9BC /* FirebaseRemoteConfig in Frameworks */,
				655AB69826E2AC9000A7D9BC /* FirebaseAnalytics in Frameworks */,
				655AB6A026E2AC9000A7D9BC /* FirebaseStorage in Frameworks */,
				65FD602326B070430049023F /* GoogleSignIn in Frameworks */,
				655DC081267DFF1E000A44A0 /* RxOptional in Frameworks */,
				65B377DD262AE729000D03E7 /* RxAlamofire in Frameworks */,
				658CC9F9263D499B000286D3 /* RxDataSources in Frameworks */,
				653970E32799B8730006E2A9 /* FirebaseDatabase in Frameworks */,
				65FA36F5271AB9C400131FAA /* WebKit.framework in Frameworks */,
				65FA36F3271AB9BD00131FAA /* CFNetwork.framework in Frameworks */,
				655AB69A26E2AC9000A7D9BC /* FirebaseCrashlytics in Frameworks */,
				659625E2262BF51D00277B80 /* ReactorKit in Frameworks */,
				65FA36F1271AB9AC00131FAA /* MobileCoreServices.framework in Frameworks */,
				65FA36FC271ABDC900131FAA /* UserHabit.framework in Frameworks */,
				65B377C9262AE687000D03E7 /* SnapKit in Frameworks */,
			);
			runOnlyForDeploymentPostprocessing = 0;
		};
/* End PBXFrameworksBuildPhase section */

/* Begin PBXGroup section */
		650B75862732F170000D2B79 /* Alert */ = {
			isa = PBXGroup;
			children = (
				650B75892732F18D000D2B79 /* AlertViewController.swift */,
				650B758B2732F19F000D2B79 /* AlertViewReactor.swift */,
			);
			path = Alert;
			sourceTree = "<group>";
		};
		650D2A5E26C4325900F9981E /* ImageImportButton */ = {
			isa = PBXGroup;
			children = (
				650D2A5F26C4327200F9981E /* ImageImportButton.swift */,
			);
			path = ImageImportButton;
			sourceTree = "<group>";
		};
		651BAC25265A50170090D6A7 /* Setting */ = {
			isa = PBXGroup;
			children = (
				651BAC2B265A503D0090D6A7 /* SettingTableCell.swift */,
				651BAC2E265A50450090D6A7 /* SettingTableCellReactor.swift */,
			);
			path = Setting;
			sourceTree = "<group>";
		};
		6520138C276A6393006F3DC1 /* Guide */ = {
			isa = PBXGroup;
			children = (
				6520138D276A639C006F3DC1 /* GuideViewController.swift */,
				6520138F276A63AC006F3DC1 /* GuideViewReactor.swift */,
			);
			path = Guide;
			sourceTree = "<group>";
		};
		65201391276A650E006F3DC1 /* PagePointView */ = {
			isa = PBXGroup;
			children = (
				65201392276A65B7006F3DC1 /* PagePointView.swift */,
			);
			path = PagePointView;
			sourceTree = "<group>";
		};
		653837912632F10B00F4D6EC /* Frameworks */ = {
			isa = PBXGroup;
			children = (
				65FA36F6271AB9D600131FAA /* libz.tbd */,
				65FA36F4271AB9C400131FAA /* WebKit.framework */,
				65FA36F2271AB9BD00131FAA /* CFNetwork.framework */,
				65FA36F0271AB9AC00131FAA /* MobileCoreServices.framework */,
				65FA36EC271AB98900131FAA /* UserHabit.framework */,
			);
			name = Frameworks;
			sourceTree = "<group>";
		};
		6557AD0C265D630400F80A53 /* Danji */ = {
			isa = PBXGroup;
			children = (
				6587E2F8264E4C5D00654178 /* DanjiRouter.swift */,
				6587E2FB264E59FF00654178 /* DanjiClient.swift */,
			);
			path = Danji;
			sourceTree = "<group>";
		};
		6557AD0D265D630C00F80A53 /* Memo */ = {
			isa = PBXGroup;
			children = (
				6585A97D265D69CD008D6858 /* MemoRouter.swift */,
				6585A981265D69D7008D6858 /* MemoClient.swift */,
			);
			path = Memo;
			sourceTree = "<group>";
		};
		655C2E662768FBB3006542EA /* DanjiPlant */ = {
			isa = PBXGroup;
			children = (
				6586FF44264AD3B800BF4CD5 /* DanjiPlantViewController.swift */,
				6586FF47264AE0D000BF4CD5 /* DanjiPlantViewReactor.swift */,
			);
			path = DanjiPlant;
			sourceTree = "<group>";
		};
		655C2E672768FBDC006542EA /* DanjiSetting */ = {
			isa = PBXGroup;
			children = (
				65B02E7A2651109A00A61D17 /* DanjiSettingViewController.swift */,
				65B02E7D2651177200A61D17 /* DanjiSettingViewReactor.swift */,
			);
			path = DanjiSetting;
			sourceTree = "<group>";
		};
		655C2E682768FBE8006542EA /* Login */ = {
			isa = PBXGroup;
			children = (
				65B02E8026511B3200A61D17 /* LoginViewController.swift */,
				65B02E8326511E9D00A61D17 /* LoginViewReactor.swift */,
			);
			path = Login;
			sourceTree = "<group>";
		};
		655C2E692768FC18006542EA /* Memo */ = {
			isa = PBXGroup;
			children = (
				65620A05266E84E30041C780 /* MemoViewController.swift */,
				6503613926713279006CEBC1 /* MemoViewReactor.swift */,
			);
			path = Memo;
			sourceTree = "<group>";
		};
		655C2E6A2768FC22006542EA /* MemoList */ = {
			isa = PBXGroup;
			children = (
				657CF7FE267F330200A4CD57 /* MemoListViewController.swift */,
				657CF801267F369A00A4CD57 /* MemoListViewReactor.swift */,
			);
			path = MemoList;
			sourceTree = "<group>";
		};
		655C2E6B2768FC30006542EA /* PrivacyPolicy */ = {
			isa = PBXGroup;
			children = (
				65440B5726B6757500186E7B /* PrivacyPolicyViewController.swift */,
				65440B5926B67C1100186E7B /* PrivacyPolicyReactor.swift */,
			);
			path = PrivacyPolicy;
			sourceTree = "<group>";
		};
		655C2E6C2768FC3D006542EA /* LicenseList */ = {
			isa = PBXGroup;
			children = (
				65E2140726E3D60C00136D18 /* LicenseListViewController.swift */,
				65DB9A6A26E3DC8500643D71 /* LicenseListViewReactor.swift */,
			);
			path = LicenseList;
			sourceTree = "<group>";
		};
		655C2E6D2768FC4F006542EA /* LicenseDetail */ = {
			isa = PBXGroup;
			children = (
				65E2140926E3D61600136D18 /* LicenseDetailViewController.swift */,
				65DB9A6C26E3DCC700643D71 /* LicenseDetailViewReactor.swift */,
			);
			path = LicenseDetail;
			sourceTree = "<group>";
		};
		656040972680F4E700F9A725 /* Header */ = {
			isa = PBXGroup;
			children = (
				656040982680F4F100F9A725 /* Setting */,
			);
			path = Header;
			sourceTree = "<group>";
		};
		656040982680F4F100F9A725 /* Setting */ = {
			isa = PBXGroup;
			children = (
				656040992680F4FF00F9A725 /* SettingTItleHeader.swift */,
				6560409D2680F50D00F9A725 /* SettingTitleHeaderReactor.swift */,
			);
			path = Setting;
			sourceTree = "<group>";
		};
		65739EA1263E9633009AA160 /* Utility */ = {
			isa = PBXGroup;
			children = (
				65739EA2263E9661009AA160 /* Date+Utility.swift */,
				6575A015267E64990004ACEF /* File+Utility.swift */,
			);
			path = Utility;
			sourceTree = "<group>";
		};
		6577641426371777001947CF /* Service */ = {
			isa = PBXGroup;
			children = (
				6594339327D4D31D0016EDE7 /* Job */,
				6577641526371780001947CF /* AppService.swift */,
				657EC22B265823D100D343DF /* DanjiRepository.swift */,
				6575A00B267E60DA0004ACEF /* DataBaseService.swift */,
				65B893FC268A3362001BB6D9 /* ServiceProvider.swift */,
				65B893FE268A3C18001BB6D9 /* BaseService.swift */,
				6554B36A2691BAC90080D3C5 /* MemoDatabaseService.swift */,
				65261A7B269359B5005E877C /* MemoRepository.swift */,
				6538437826C9184200910A27 /* KeychainService.swift */,
				65091C4026C97775000F698A /* UserDefaultService.swift */,
				652A4E2F277DA2BB00F7D54A /* StockService.swift */,
				653970DE2799B6C70006E2A9 /* FIBDatabaseService.swift */,
				658B160F27D8C0E200945098 /* DatabaseService.swift */,
				658B161127D8C47000945098 /* Repository.swift */,
			);
			path = Service;
			sourceTree = "<group>";
		};
		6586A62B271EAF1100AEFC7C /* EditPopup */ = {
			isa = PBXGroup;
			children = (
				6586A62C271EAF2500AEFC7C /* EditPopupViewController.swift */,
				65D6A42E2776E610009A3A6E /* EditPopupViewReactor.swift */,
			);
			path = EditPopup;
			sourceTree = "<group>";
		};
		6586A630271EAF4C00AEFC7C /* Home */ = {
			isa = PBXGroup;
			children = (
				659625E8262BF60D00277B80 /* HomeViewController.swift */,
				659625EE262BF80700277B80 /* HomeViewReactor.swift */,
			);
			path = Home;
			sourceTree = "<group>";
		};
		6586A631271EAF5300AEFC7C /* Menu */ = {
			isa = PBXGroup;
			children = (
				6559820B264416720011D5BC /* MenuViewController.swift */,
				6559820E264418140011D5BC /* MenuViewReactor.swift */,
			);
			path = Menu;
			sourceTree = "<group>";
		};
		6586A632271EAF5B00AEFC7C /* MemoAdd */ = {
			isa = PBXGroup;
			children = (
				65EF92B3264839D300EB6315 /* MemoAddViewController.swift */,
				65EF92B626484AC200EB6315 /* MemoAddViewReactor.swift */,
			);
			path = AddMemo;
			sourceTree = "<group>";
		};
		6586A633271EAF6400AEFC7C /* DanjiSort */ = {
			isa = PBXGroup;
			children = (
				6519946D26498AE80067A29D /* DanjiSortViewController.swift */,
				6586FF41264ACDDC00BF4CD5 /* DanjiSortViewReactor.swift */,
			);
			path = DanjiSort;
			sourceTree = "<group>";
		};
		658B160E27D8C0D900945098 /* Feature */ = {
			isa = PBXGroup;
			children = (
			);
			path = Feature;
			sourceTree = "<group>";
		};
		6594337A27D4C9C90016EDE7 /* Job */ = {
			isa = PBXGroup;
			children = (
				6594337B27D4C9DB0016EDE7 /* Job.swift */,
				6594337D27D4CA0D0016EDE7 /* JobTarget.swift */,
				6594337F27D4CA240016EDE7 /* JobEvent.swift */,
			);
			path = Job;
			sourceTree = "<group>";
		};
		6594338327D4CD270016EDE7 /* Job */ = {
			isa = PBXGroup;
			children = (
				6594338127D4CA770016EDE7 /* DanjiAddJob.swift */,
				6594338427D4CD390016EDE7 /* DanjiDeleteJob.swift */,
				6594338827D4CD7B0016EDE7 /* DanjiSortJob.swift */,
				6594338A27D4CE510016EDE7 /* DanjiUpdateJob.swift */,
			);
			path = Job;
			sourceTree = "<group>";
		};
		6594338C27D4CE8B0016EDE7 /* Job */ = {
			isa = PBXGroup;
			children = (
				6594338D27D4CE9C0016EDE7 /* MemoAddJob.swift */,
				6594338F27D4D1470016EDE7 /* MemoDeleteJob.swift */,
				6594339127D4D2C00016EDE7 /* MemoUpdateJob.swift */,
			);
			path = Job;
			sourceTree = "<group>";
		};
		6594339327D4D31D0016EDE7 /* Job */ = {
			isa = PBXGroup;
			children = (
				6594339627D4D5590016EDE7 /* JobService.swift */,
				6594339827D4D59D0016EDE7 /* LocalEnvironment.swift */,
				658B160B27D88E3800945098 /* JobClient.swift */,
			);
			path = Job;
			sourceTree = "<group>";
		};
		659625E4262BF52500277B80 /* ViewController */ = {
			isa = PBXGroup;
			children = (
				6520138C276A6393006F3DC1 /* Guide */,
				655C2E682768FBE8006542EA /* Login */,
				6586A630271EAF4C00AEFC7C /* Home */,
				655C2E6D2768FC4F006542EA /* LicenseDetail */,
				655C2E6C2768FC3D006542EA /* LicenseList */,
				655C2E6B2768FC30006542EA /* PrivacyPolicy */,
				655C2E6A2768FC22006542EA /* MemoList */,
				655C2E692768FC18006542EA /* Memo */,
				655C2E672768FBDC006542EA /* DanjiSetting */,
				655C2E662768FBB3006542EA /* DanjiPlant */,
				6586A632271EAF5B00AEFC7C /* AddMemo */,
				6586A631271EAF5300AEFC7C /* Menu */,
				650B75862732F170000D2B79 /* Alert */,
				65D2D49F2731A658007D9D8C /* MemoEdit */,
				6586A633271EAF6400AEFC7C /* DanjiSort */,
				6586A62B271EAF1100AEFC7C /* EditPopup */,
				65D6A43027772A0F009A3A6E /* Search */,
				65CA5536268A13940006FCDB /* LottieTestViewController.swift */,
			);
			path = ViewController;
			sourceTree = "<group>";
		};
		659625E6262BF56A00277B80 /* View */ = {
			isa = PBXGroup;
			children = (
				65201391276A650E006F3DC1 /* PagePointView */,
				650D2A5E26C4325900F9981E /* ImageImportButton */,
				65FF1E0B2658E48B00F65164 /* BMDJ */,
				656040972680F4E700F9A725 /* Header */,
				659625E7262BF5A300277B80 /* Cell */,
				65898D7626CC180400DAD62C /* IndicatorViewController.swift */,
			);
			path = View;
			sourceTree = "<group>";
		};
		659625E7262BF5A300277B80 /* Cell */ = {
			isa = PBXGroup;
			children = (
				65D6A43E277737CE009A3A6E /* DanjiEmpty */,
				65D6A43727773120009A3A6E /* Stock */,
				651BAC25265A50170090D6A7 /* Setting */,
				65FF1E1A2658FE9600F65164 /* Day */,
				65FF1E172658FDE600F65164 /* Danji */,
				65FF1E182658FDEE00F65164 /* Memo */,
				65FF1E192658FDF800F65164 /* Color */,
			);
			path = Cell;
			sourceTree = "<group>";
		};
		659625F2262BF8DF00277B80 /* Model */ = {
			isa = PBXGroup;
			children = (
				65429F8A2660CDA2000819BE /* NetworkResult.swift */,
				6594337A27D4C9C90016EDE7 /* Job */,
				65B9D01527B96F1200053545 /* Danji */,
				65B9D01627B96F2C00053545 /* Memo */,
				65B9D01427B96F0800053545 /* Stock */,
			);
			path = Model;
			sourceTree = "<group>";
		};
		659625FA262BFA3E00277B80 /* Network */ = {
			isa = PBXGroup;
			children = (
				65CB2A7426B1BD8300C61E50 /* Auth */,
				6557AD0C265D630400F80A53 /* Danji */,
				6557AD0D265D630C00F80A53 /* Memo */,
			);
			path = Network;
			sourceTree = "<group>";
		};
		65B37799262AE513000D03E7 = {
			isa = PBXGroup;
			children = (
				65B377A4262AE513000D03E7 /* BMDJ */,
				65B377A3262AE513000D03E7 /* Products */,
				653837912632F10B00F4D6EC /* Frameworks */,
			);
			sourceTree = "<group>";
		};
		65B377A3262AE513000D03E7 /* Products */ = {
			isa = PBXGroup;
			children = (
				65B377A2262AE513000D03E7 /* BMDJ.app */,
			);
			name = Products;
			sourceTree = "<group>";
		};
		65B377A4262AE513000D03E7 /* BMDJ */ = {
			isa = PBXGroup;
			children = (
				658B160E27D8C0D900945098 /* Feature */,
				65B9D01727B970E200053545 /* Deprecated */,
				65F3018026C99330004FAA63 /* GoogleService-Info.plist */,
				65FD602026B05FDB0049023F /* BMDJ.entitlements */,
				65B377BA262AE598000D03E7 /* Resource */,
				65B377C2262AE5BD000D03E7 /* Extension */,
				65739EA1263E9633009AA160 /* Utility */,
				6577641426371777001947CF /* Service */,
				659625FA262BFA3E00277B80 /* Network */,
				659625F2262BF8DF00277B80 /* Model */,
				659625E6262BF56A00277B80 /* View */,
				659625E4262BF52500277B80 /* ViewController */,
				65B377AE262AE514000D03E7 /* Assets.xcassets */,
				65B377A5262AE513000D03E7 /* AppDelegate.swift */,
				65B377B0262AE514000D03E7 /* LaunchScreen.storyboard */,
				65B377B3262AE514000D03E7 /* Info.plist */,
				65FA36F8271ABA5700131FAA /* UserHabit-Bridging-Header.h */,
			);
			path = BMDJ;
			sourceTree = "<group>";
		};
		65B377BA262AE598000D03E7 /* Resource */ = {
			isa = PBXGroup;
			children = (
				65FA36FB271ABDC900131FAA /* UserHabit.framework */,
				65CA5538268A14970006FCDB /* danji.json */,
				65048A812656B74800B275D0 /* data.json */,
				650219A726AB0D06000A1CF1 /* Rec.json */,
				65B377BB262AE5A3000D03E7 /* BMDJTypography.swift */,
				65B377BF262AE5B0000D03E7 /* BMDJColor.swift */,
				6528EA1A2635219400D06F17 /* BMDJImage.swift */,
			);
			path = Resource;
			sourceTree = "<group>";
		};
		65B377C2262AE5BD000D03E7 /* Extension */ = {
			isa = PBXGroup;
			children = (
				65B377C3262AE5C5000D03E7 /* UIColor.swift */,
				657764192637184A001947CF /* CGFloat.swift */,
				65739EA5263E96C0009AA160 /* Date.swift */,
				651BAC22265A31090090D6A7 /* UIView.swift */,
				65457B92265AD3C800F7F8F3 /* URLRequest.swift */,
				65D7D29126849BDF00D69C7C /* Array.swift */,
				65110673269F44B0009AB050 /* Int.swift */,
				651A3B3627FDFDCB00361140 /* UIImage.swift */,
			);
			path = Extension;
			sourceTree = "<group>";
		};
		65B9D01427B96F0800053545 /* Stock */ = {
			isa = PBXGroup;
			children = (
				657ED690263093C6008823BC /* Stock.swift */,
				6505390E2795BC67003651BA /* StockInfo.swift */,
			);
			path = Stock;
			sourceTree = "<group>";
		};
		65B9D01527B96F1200053545 /* Danji */ = {
			isa = PBXGroup;
			children = (
				6594338327D4CD270016EDE7 /* Job */,
				659625F3262BFA1300277B80 /* Danji.swift */,
				6580837E265C09980071EED7 /* DanjiBase.swift */,
				65D985312675F86C00D3F467 /* DanjiCreate.swift */,
				659EF7F22677A4D9003006F4 /* DanjiDregs.swift */,
			);
			path = Danji;
			sourceTree = "<group>";
		};
		65B9D01627B96F2C00053545 /* Memo */ = {
			isa = PBXGroup;
			children = (
				6594338C27D4CE8B0016EDE7 /* Job */,
				659625F7262BFA2B00277B80 /* Memo.swift */,
				65261A7D2693616A005E877C /* MemoCreate.swift */,
			);
			path = Memo;
			sourceTree = "<group>";
		};
		65B9D01727B970E200053545 /* Deprecated */ = {
			isa = PBXGroup;
			children = (
				655DC07C267DD5B9000A44A0 /* DanjiCellDelegateProxy.swift */,
			);
			path = Deprecated;
			sourceTree = "<group>";
		};
		65CB2A7426B1BD8300C61E50 /* Auth */ = {
			isa = PBXGroup;
			children = (
				65CB2A7526B1BD8E00C61E50 /* AuthRouter.swift */,
				65139D2726B31AE000E32718 /* AuthClient.swift */,
			);
			path = Auth;
			sourceTree = "<group>";
		};
		65D2D49F2731A658007D9D8C /* MemoEdit */ = {
			isa = PBXGroup;
			children = (
				65D2D49D2731A655007D9D8C /* MemoEditViewController.swift */,
				65724E51273ACFEC00C84E91 /* MemoEditViewReactor.swift */,
			);
			path = MemoEdit;
			sourceTree = "<group>";
		};
		65D6A43027772A0F009A3A6E /* Search */ = {
			isa = PBXGroup;
			children = (
				65D6A43327772A6F009A3A6E /* StockSearchViewController.swift */,
				65D6A43527772A7C009A3A6E /* StockSearchViewReactor.swift */,
			);
			path = Search;
			sourceTree = "<group>";
		};
		65D6A43727773120009A3A6E /* Stock */ = {
			isa = PBXGroup;
			children = (
				65D6A43A27773138009A3A6E /* StockCell.swift */,
				65D6A43C2777313E009A3A6E /* StockCellReactor.swift */,
			);
			path = Stock;
			sourceTree = "<group>";
		};
		65D6A43E277737CE009A3A6E /* DanjiEmpty */ = {
			isa = PBXGroup;
			children = (
				65D6A43F277737DB009A3A6E /* DanjiEmptyCell.swift */,
				65D6A441277737E1009A3A6E /* DanjiEmptyCellReactor.swift */,
			);
			path = DanjiEmpty;
			sourceTree = "<group>";
		};
		65FF1E0B2658E48B00F65164 /* BMDJ */ = {
			isa = PBXGroup;
			children = (
				659E542A265510AC00C6378A /* BMDJTextField.swift */,
				65FF1E0C2658E49D00F65164 /* BMDJMoodSwitch.swift */,
				65FC091926639359001E70FC /* BMDJWeatherView.swift */,
				652A4E2B277D97D300F7D54A /* BMDJSearchBar.swift */,
				6546D65427897C8800C39D5C /* BMDJIconTextField.swift */,
				6582DAC2278AC0D600B104EA /* BMDJGradientView.swift */,
				65300B07278DD86D007FA1FD /* BMDJGuideImageView.swift */,
				656574C927946600008B56D5 /* BMDJIconButton.swift */,
			);
			path = BMDJ;
			sourceTree = "<group>";
		};
		65FF1E172658FDE600F65164 /* Danji */ = {
			isa = PBXGroup;
			children = (
				65776411263713DB001947CF /* DanjiCollectionCell.swift */,
				658CC9F4263D440F000286D3 /* DanjiCollectionCellReactor.swift */,
				65C152DC2659789400418EBE /* DanjiSortTableCell.swift */,
				65C152E1265978C500418EBE /* DanjiSortTableCellReactor.swift */,
			);
			path = Danji;
			sourceTree = "<group>";
		};
		65FF1E182658FDEE00F65164 /* Memo */ = {
			isa = PBXGroup;
			children = (
				658CC9F1263D38E9000286D3 /* MemoCollectionCell.swift */,
				658CC9FB263DB89B000286D3 /* MemoCollectionCellReactor.swift */,
			);
			path = Memo;
			sourceTree = "<group>";
		};
		65FF1E192658FDF800F65164 /* Color */ = {
			isa = PBXGroup;
			children = (
				65FF1E112658F44E00F65164 /* ColorCollectionCell.swift */,
				65FF1E142658F45700F65164 /* ColorCollectionCellReactor.swift */,
			);
			path = Color;
			sourceTree = "<group>";
		};
		65FF1E1A2658FE9600F65164 /* Day */ = {
			isa = PBXGroup;
			children = (
				65FF1E1B2658FF5C00F65164 /* DayCollectionCell.swift */,
				65FF1E1E2658FF7A00F65164 /* DayCollectionCellReactor.swift */,
			);
			path = Day;
			sourceTree = "<group>";
		};
/* End PBXGroup section */

/* Begin PBXNativeTarget section */
		65B377A1262AE513000D03E7 /* BMDJ */ = {
			isa = PBXNativeTarget;
			buildConfigurationList = 65B377B6262AE514000D03E7 /* Build configuration list for PBXNativeTarget "BMDJ" */;
			buildPhases = (
				65B3779E262AE513000D03E7 /* Sources */,
				65B3779F262AE513000D03E7 /* Frameworks */,
				65B377A0262AE513000D03E7 /* Resources */,
				65B6D8BB26D2AE6D00F7110F /* ShellScript */,
			);
			buildRules = (
			);
			dependencies = (
			);
			name = BMDJ;
			packageProductDependencies = (
				65B377C8262AE687000D03E7 /* SnapKit */,
				65B377D8262AE6C4000D03E7 /* RxKingfisher */,
				65B377DC262AE729000D03E7 /* RxAlamofire */,
				659625E1262BF51D00277B80 /* ReactorKit */,
				658CC9F8263D499B000286D3 /* RxDataSources */,
				65048A7E2656B73800B275D0 /* Lottie */,
				655DC080267DFF1E000A44A0 /* RxOptional */,
				65FD602226B070430049023F /* GoogleSignIn */,
				655AB69726E2AC9000A7D9BC /* FirebaseAnalytics */,
				655AB69926E2AC9000A7D9BC /* FirebaseCrashlytics */,
				655AB69B26E2AC9000A7D9BC /* FirebaseMessaging */,
				655AB69D26E2AC9000A7D9BC /* FirebaseAuth */,
				655AB69F26E2AC9000A7D9BC /* FirebaseStorage */,
				655AB6A126E2AC9000A7D9BC /* FirebaseRemoteConfig */,
				653970E22799B8730006E2A9 /* FirebaseDatabase */,
			);
			productName = BMDJ;
			productReference = 65B377A2262AE513000D03E7 /* BMDJ.app */;
			productType = "com.apple.product-type.application";
		};
/* End PBXNativeTarget section */

/* Begin PBXProject section */
		65B3779A262AE513000D03E7 /* Project object */ = {
			isa = PBXProject;
			attributes = {
				LastSwiftUpdateCheck = 1230;
				LastUpgradeCheck = 1230;
				TargetAttributes = {
					65B377A1262AE513000D03E7 = {
						CreatedOnToolsVersion = 12.3;
					};
				};
			};
			buildConfigurationList = 65B3779D262AE513000D03E7 /* Build configuration list for PBXProject "BMDJ" */;
			compatibilityVersion = "Xcode 9.3";
			developmentRegion = en;
			hasScannedForEncodings = 0;
			knownRegions = (
				en,
				Base,
			);
			mainGroup = 65B37799262AE513000D03E7;
			packageReferences = (
				65B377C7262AE687000D03E7 /* XCRemoteSwiftPackageReference "SnapKit" */,
				65B377D7262AE6C4000D03E7 /* XCRemoteSwiftPackageReference "RxKingfisher" */,
				65B377DB262AE729000D03E7 /* XCRemoteSwiftPackageReference "RxAlamofire" */,
				659625E0262BF51D00277B80 /* XCRemoteSwiftPackageReference "ReactorKit" */,
				658CC9F7263D499B000286D3 /* XCRemoteSwiftPackageReference "RxDataSources" */,
				65048A7D2656B73800B275D0 /* XCRemoteSwiftPackageReference "lottie-ios" */,
				655DC07F267DFF1E000A44A0 /* XCRemoteSwiftPackageReference "RxOptional" */,
				65FD602126B070430049023F /* XCRemoteSwiftPackageReference "GoogleSignIn-iOS" */,
				655AB69626E2AC9000A7D9BC /* XCRemoteSwiftPackageReference "firebase-ios-sdk" */,
			);
			productRefGroup = 65B377A3262AE513000D03E7 /* Products */;
			projectDirPath = "";
			projectRoot = "";
			targets = (
				65B377A1262AE513000D03E7 /* BMDJ */,
			);
		};
/* End PBXProject section */

/* Begin PBXResourcesBuildPhase section */
		65B377A0262AE513000D03E7 /* Resources */ = {
			isa = PBXResourcesBuildPhase;
			buildActionMask = 2147483647;
			files = (
				65CA5539268A14970006FCDB /* danji.json in Resources */,
				65B377B2262AE514000D03E7 /* LaunchScreen.storyboard in Resources */,
				65048A822656B74800B275D0 /* data.json in Resources */,
				65B377AF262AE514000D03E7 /* Assets.xcassets in Resources */,
				650219A826AB0D06000A1CF1 /* Rec.json in Resources */,
				65F3018126C99330004FAA63 /* GoogleService-Info.plist in Resources */,
			);
			runOnlyForDeploymentPostprocessing = 0;
		};
/* End PBXResourcesBuildPhase section */

/* Begin PBXShellScriptBuildPhase section */
		65B6D8BB26D2AE6D00F7110F /* ShellScript */ = {
			isa = PBXShellScriptBuildPhase;
			buildActionMask = 2147483647;
			files = (
			);
			inputFileListPaths = (
			);
			inputPaths = (
			);
			outputFileListPaths = (
			);
			outputPaths = (
			);
			runOnlyForDeploymentPostprocessing = 0;
			shellPath = /bin/sh;
			shellScript = "\"${BUILD_DIR%Build/*}/SourcePackages/checkouts/firebase-ios-sdk/Crashlytics/run\" -gsp \"${PROJECT_DIR}/BMDJ/GoogleService-Info.plist\" -p ios \"${DWARF_DSYM_FOLDER_PATH}/${DWARF_DSYM_FILE_NAME}\"\n";
		};
/* End PBXShellScriptBuildPhase section */

/* Begin PBXSourcesBuildPhase section */
		65B3779E262AE513000D03E7 /* Sources */ = {
			isa = PBXSourcesBuildPhase;
			buildActionMask = 2147483647;
			files = (
				65B377C4262AE5C5000D03E7 /* UIColor.swift in Sources */,
				652A4E30277DA2BB00F7D54A /* StockService.swift in Sources */,
				657CF802267F369A00A4CD57 /* MemoListViewReactor.swift in Sources */,
				651BAC2C265A503D0090D6A7 /* SettingTableCell.swift in Sources */,
				6577641A2637184A001947CF /* CGFloat.swift in Sources */,
				65776412263713DB001947CF /* DanjiCollectionCell.swift in Sources */,
				65D6A43627772A7C009A3A6E /* StockSearchViewReactor.swift in Sources */,
				65D985322675F86C00D3F467 /* DanjiCreate.swift in Sources */,
				65D2D49E2731A655007D9D8C /* MemoEditViewController.swift in Sources */,
				6594339027D4D1470016EDE7 /* MemoDeleteJob.swift in Sources */,
				6594339227D4D2C00016EDE7 /* MemoUpdateJob.swift in Sources */,
				65B377C0262AE5B0000D03E7 /* BMDJColor.swift in Sources */,
				650B758A2732F18D000D2B79 /* AlertViewController.swift in Sources */,
				65201393276A65B7006F3DC1 /* PagePointView.swift in Sources */,
				6594337E27D4CA0D0016EDE7 /* JobTarget.swift in Sources */,
				658CC9FC263DB89B000286D3 /* MemoCollectionCellReactor.swift in Sources */,
				65B377A6262AE513000D03E7 /* AppDelegate.swift in Sources */,
				65440B5826B6757500186E7B /* PrivacyPolicyViewController.swift in Sources */,
				65CA5537268A13940006FCDB /* LottieTestViewController.swift in Sources */,
				6594338E27D4CE9C0016EDE7 /* MemoAddJob.swift in Sources */,
				658B160C27D88E3800945098 /* JobClient.swift in Sources */,
				65D7D29226849BDF00D69C7C /* Array.swift in Sources */,
				65CB2A7626B1BD8E00C61E50 /* AuthRouter.swift in Sources */,
				65C152DD2659789400418EBE /* DanjiSortTableCell.swift in Sources */,
				6586FF42264ACDDC00BF4CD5 /* DanjiSortViewReactor.swift in Sources */,
				658CC9F2263D38E9000286D3 /* MemoCollectionCell.swift in Sources */,
				65300B08278DD86D007FA1FD /* BMDJGuideImageView.swift in Sources */,
				65FF1E1C2658FF5C00F65164 /* DayCollectionCell.swift in Sources */,
				6519946E26498AE80067A29D /* DanjiSortViewController.swift in Sources */,
				65739EA6263E96C0009AA160 /* Date.swift in Sources */,
				65110674269F44B0009AB050 /* Int.swift in Sources */,
				658B161027D8C0E200945098 /* DatabaseService.swift in Sources */,
				6586FF48264AE0D000BF4CD5 /* DanjiPlantViewReactor.swift in Sources */,
				6585A982265D69D7008D6858 /* MemoClient.swift in Sources */,
				65898D7726CC180400DAD62C /* IndicatorViewController.swift in Sources */,
				65FF1E1F2658FF7A00F65164 /* DayCollectionCellReactor.swift in Sources */,
				65440B5A26B67C1100186E7B /* PrivacyPolicyReactor.swift in Sources */,
				6586A62D271EAF2500AEFC7C /* EditPopupViewController.swift in Sources */,
				65B02E8126511B3200A61D17 /* LoginViewController.swift in Sources */,
				65261A7E2693616A005E877C /* MemoCreate.swift in Sources */,
				6586FF45264AD3B800BF4CD5 /* DanjiPlantViewController.swift in Sources */,
				65C152E2265978C500418EBE /* DanjiSortTableCellReactor.swift in Sources */,
				65091C4126C97775000F698A /* UserDefaultService.swift in Sources */,
				65E2140826E3D60C00136D18 /* LicenseListViewController.swift in Sources */,
				6577641626371780001947CF /* AppService.swift in Sources */,
				65139D2826B31AE000E32718 /* AuthClient.swift in Sources */,
				6594338027D4CA240016EDE7 /* JobEvent.swift in Sources */,
				65A8997A27F4BE1E0021DD29 /* HomeViewReactor.swift in Sources */,
				65620A06266E84E30041C780 /* MemoViewController.swift in Sources */,
				65B02E7B2651109A00A61D17 /* DanjiSettingViewController.swift in Sources */,
				6560409A2680F4FF00F9A725 /* SettingTItleHeader.swift in Sources */,
				6575A016267E64990004ACEF /* File+Utility.swift in Sources */,
				6528EA1B2635219400D06F17 /* BMDJImage.swift in Sources */,
				6546D65527897C8800C39D5C /* BMDJIconTextField.swift in Sources */,
				65D6A43D2777313E009A3A6E /* StockCellReactor.swift in Sources */,
				65724E52273ACFEC00C84E91 /* MemoEditViewReactor.swift in Sources */,
				6594338B27D4CE510016EDE7 /* DanjiUpdateJob.swift in Sources */,
				656574CA27946600008B56D5 /* BMDJIconButton.swift in Sources */,
				65D6A442277737E1009A3A6E /* DanjiEmptyCellReactor.swift in Sources */,
				6594338227D4CA770016EDE7 /* DanjiAddJob.swift in Sources */,
				659625F4262BFA1300277B80 /* Danji.swift in Sources */,
				6575A00C267E60DA0004ACEF /* DataBaseService.swift in Sources */,
				65D6A42F2776E610009A3A6E /* EditPopupViewReactor.swift in Sources */,
				658B161227D8C47000945098 /* Repository.swift in Sources */,
				65B893FF268A3C18001BB6D9 /* BaseService.swift in Sources */,
				659625E9262BF60D00277B80 /* HomeViewController.swift in Sources */,
				6594337C27D4C9DB0016EDE7 /* Job.swift in Sources */,
				65FC091A26639359001E70FC /* BMDJWeatherView.swift in Sources */,
				65B02E7E2651177200A61D17 /* DanjiSettingViewReactor.swift in Sources */,
				652A4E2C277D97D300F7D54A /* BMDJSearchBar.swift in Sources */,
				6594338527D4CD390016EDE7 /* DanjiDeleteJob.swift in Sources */,
				65201390276A63AC006F3DC1 /* GuideViewReactor.swift in Sources */,
				659625F8262BFA2B00277B80 /* Memo.swift in Sources */,
				65B893FD268A3362001BB6D9 /* ServiceProvider.swift in Sources */,
				658CC9F5263D440F000286D3 /* DanjiCollectionCellReactor.swift in Sources */,
				65FF1E122658F44E00F65164 /* ColorCollectionCell.swift in Sources */,
				65DB9A6B26E3DC8500643D71 /* LicenseListViewReactor.swift in Sources */,
				6585A97E265D69CD008D6858 /* MemoRouter.swift in Sources */,
				65DB9A6D26E3DCC700643D71 /* LicenseDetailViewReactor.swift in Sources */,
				6587E2F9264E4C5D00654178 /* DanjiRouter.swift in Sources */,
				65D6A440277737DB009A3A6E /* DanjiEmptyCell.swift in Sources */,
				65B02E8426511E9D00A61D17 /* LoginViewReactor.swift in Sources */,
				65D6A43B27773138009A3A6E /* StockCell.swift in Sources */,
				651BAC23265A31090090D6A7 /* UIView.swift in Sources */,
				6559820C264416720011D5BC /* MenuViewController.swift in Sources */,
				651A3B3727FDFDCB00361140 /* UIImage.swift in Sources */,
				657EC22C265823D100D343DF /* DanjiRepository.swift in Sources */,
				6594338927D4CD7B0016EDE7 /* DanjiSortJob.swift in Sources */,
				653970DF2799B6C70006E2A9 /* FIBDatabaseService.swift in Sources */,
				657CF7FF267F330200A4CD57 /* MemoListViewController.swift in Sources */,
				65739EA3263E9661009AA160 /* Date+Utility.swift in Sources */,
				65B377BC262AE5A3000D03E7 /* BMDJTypography.swift in Sources */,
				65D6A43427772A6F009A3A6E /* StockSearchViewController.swift in Sources */,
				65457B93265AD3C800F7F8F3 /* URLRequest.swift in Sources */,
				6554B36B2691BAC90080D3C5 /* MemoDatabaseService.swift in Sources */,
				65261A7C269359B5005E877C /* MemoRepository.swift in Sources */,
				65EF92B726484AC200EB6315 /* AddMemoViewReactor.swift in Sources */,
				659E542B265510AC00C6378A /* BMDJTextField.swift in Sources */,
				657ED691263093C6008823BC /* Stock.swift in Sources */,
				6505390F2795BC67003651BA /* StockInfo.swift in Sources */,
				6520138E276A639C006F3DC1 /* GuideViewController.swift in Sources */,
				65FF1E0D2658E49D00F65164 /* BMDJMoodSwitch.swift in Sources */,
				65E2140A26E3D61600136D18 /* LicenseDetailViewController.swift in Sources */,
				6580837F265C09980071EED7 /* DanjiBase.swift in Sources */,
				65EF92B4264839D300EB6315 /* AddMemoViewController.swift in Sources */,
				650B758C2732F19F000D2B79 /* AlertViewReactor.swift in Sources */,
				6594339727D4D5590016EDE7 /* JobService.swift in Sources */,
				6503613A26713279006CEBC1 /* MemoViewReactor.swift in Sources */,
				6559820F264418140011D5BC /* MenuViewReactor.swift in Sources */,
				65FF1E152658F45700F65164 /* ColorCollectionCellReactor.swift in Sources */,
				650D2A6026C4327200F9981E /* ImageImportButton.swift in Sources */,
				659EF7F32677A4D9003006F4 /* DanjiDregs.swift in Sources */,
				6582DAC3278AC0D600B104EA /* BMDJGradientView.swift in Sources */,
				651BAC2F265A50450090D6A7 /* SettingTableCellReactor.swift in Sources */,
				6594339927D4D59D0016EDE7 /* LocalEnvironment.swift in Sources */,
				65429F8B2660CDA2000819BE /* NetworkResult.swift in Sources */,
				6587E2FC264E59FF00654178 /* DanjiClient.swift in Sources */,
				6560409E2680F50D00F9A725 /* SettingTitleHeaderReactor.swift in Sources */,
			);
			runOnlyForDeploymentPostprocessing = 0;
		};
/* End PBXSourcesBuildPhase section */

/* Begin PBXVariantGroup section */
		65B377B0262AE514000D03E7 /* LaunchScreen.storyboard */ = {
			isa = PBXVariantGroup;
			children = (
				65B377B1262AE514000D03E7 /* Base */,
			);
			name = LaunchScreen.storyboard;
			sourceTree = "<group>";
		};
/* End PBXVariantGroup section */

/* Begin XCBuildConfiguration section */
		65B377B4262AE514000D03E7 /* Debug */ = {
			isa = XCBuildConfiguration;
			buildSettings = {
				ALWAYS_SEARCH_USER_PATHS = NO;
				CLANG_ANALYZER_NONNULL = YES;
				CLANG_ANALYZER_NUMBER_OBJECT_CONVERSION = YES_AGGRESSIVE;
				CLANG_CXX_LANGUAGE_STANDARD = "gnu++14";
				CLANG_CXX_LIBRARY = "libc++";
				CLANG_ENABLE_MODULES = YES;
				CLANG_ENABLE_OBJC_ARC = YES;
				CLANG_ENABLE_OBJC_WEAK = YES;
				CLANG_WARN_BLOCK_CAPTURE_AUTORELEASING = YES;
				CLANG_WARN_BOOL_CONVERSION = YES;
				CLANG_WARN_COMMA = YES;
				CLANG_WARN_CONSTANT_CONVERSION = YES;
				CLANG_WARN_DEPRECATED_OBJC_IMPLEMENTATIONS = YES;
				CLANG_WARN_DIRECT_OBJC_ISA_USAGE = YES_ERROR;
				CLANG_WARN_DOCUMENTATION_COMMENTS = YES;
				CLANG_WARN_EMPTY_BODY = YES;
				CLANG_WARN_ENUM_CONVERSION = YES;
				CLANG_WARN_INFINITE_RECURSION = YES;
				CLANG_WARN_INT_CONVERSION = YES;
				CLANG_WARN_NON_LITERAL_NULL_CONVERSION = YES;
				CLANG_WARN_OBJC_IMPLICIT_RETAIN_SELF = YES;
				CLANG_WARN_OBJC_LITERAL_CONVERSION = YES;
				CLANG_WARN_OBJC_ROOT_CLASS = YES_ERROR;
				CLANG_WARN_QUOTED_INCLUDE_IN_FRAMEWORK_HEADER = YES;
				CLANG_WARN_RANGE_LOOP_ANALYSIS = YES;
				CLANG_WARN_STRICT_PROTOTYPES = YES;
				CLANG_WARN_SUSPICIOUS_MOVE = YES;
				CLANG_WARN_UNGUARDED_AVAILABILITY = YES_AGGRESSIVE;
				CLANG_WARN_UNREACHABLE_CODE = YES;
				CLANG_WARN__DUPLICATE_METHOD_MATCH = YES;
				COPY_PHASE_STRIP = NO;
				DEBUG_INFORMATION_FORMAT = dwarf;
				ENABLE_STRICT_OBJC_MSGSEND = YES;
				ENABLE_TESTABILITY = YES;
				GCC_C_LANGUAGE_STANDARD = gnu11;
				GCC_DYNAMIC_NO_PIC = NO;
				GCC_NO_COMMON_BLOCKS = YES;
				GCC_OPTIMIZATION_LEVEL = 0;
				GCC_PREPROCESSOR_DEFINITIONS = (
					"DEBUG=1",
					"$(inherited)",
				);
				GCC_WARN_64_TO_32_BIT_CONVERSION = YES;
				GCC_WARN_ABOUT_RETURN_TYPE = YES_ERROR;
				GCC_WARN_UNDECLARED_SELECTOR = YES;
				GCC_WARN_UNINITIALIZED_AUTOS = YES_AGGRESSIVE;
				GCC_WARN_UNUSED_FUNCTION = YES;
				GCC_WARN_UNUSED_VARIABLE = YES;
				IPHONEOS_DEPLOYMENT_TARGET = 13.0;
				MTL_ENABLE_DEBUG_INFO = INCLUDE_SOURCE;
				MTL_FAST_MATH = YES;
				ONLY_ACTIVE_ARCH = YES;
				SDKROOT = iphoneos;
				SWIFT_ACTIVE_COMPILATION_CONDITIONS = DEBUG;
				SWIFT_OPTIMIZATION_LEVEL = "-Onone";
			};
			name = Debug;
		};
		65B377B5262AE514000D03E7 /* Release */ = {
			isa = XCBuildConfiguration;
			buildSettings = {
				ALWAYS_SEARCH_USER_PATHS = NO;
				CLANG_ANALYZER_NONNULL = YES;
				CLANG_ANALYZER_NUMBER_OBJECT_CONVERSION = YES_AGGRESSIVE;
				CLANG_CXX_LANGUAGE_STANDARD = "gnu++14";
				CLANG_CXX_LIBRARY = "libc++";
				CLANG_ENABLE_MODULES = YES;
				CLANG_ENABLE_OBJC_ARC = YES;
				CLANG_ENABLE_OBJC_WEAK = YES;
				CLANG_WARN_BLOCK_CAPTURE_AUTORELEASING = YES;
				CLANG_WARN_BOOL_CONVERSION = YES;
				CLANG_WARN_COMMA = YES;
				CLANG_WARN_CONSTANT_CONVERSION = YES;
				CLANG_WARN_DEPRECATED_OBJC_IMPLEMENTATIONS = YES;
				CLANG_WARN_DIRECT_OBJC_ISA_USAGE = YES_ERROR;
				CLANG_WARN_DOCUMENTATION_COMMENTS = YES;
				CLANG_WARN_EMPTY_BODY = YES;
				CLANG_WARN_ENUM_CONVERSION = YES;
				CLANG_WARN_INFINITE_RECURSION = YES;
				CLANG_WARN_INT_CONVERSION = YES;
				CLANG_WARN_NON_LITERAL_NULL_CONVERSION = YES;
				CLANG_WARN_OBJC_IMPLICIT_RETAIN_SELF = YES;
				CLANG_WARN_OBJC_LITERAL_CONVERSION = YES;
				CLANG_WARN_OBJC_ROOT_CLASS = YES_ERROR;
				CLANG_WARN_QUOTED_INCLUDE_IN_FRAMEWORK_HEADER = YES;
				CLANG_WARN_RANGE_LOOP_ANALYSIS = YES;
				CLANG_WARN_STRICT_PROTOTYPES = YES;
				CLANG_WARN_SUSPICIOUS_MOVE = YES;
				CLANG_WARN_UNGUARDED_AVAILABILITY = YES_AGGRESSIVE;
				CLANG_WARN_UNREACHABLE_CODE = YES;
				CLANG_WARN__DUPLICATE_METHOD_MATCH = YES;
				COPY_PHASE_STRIP = NO;
				DEBUG_INFORMATION_FORMAT = "dwarf-with-dsym";
				ENABLE_NS_ASSERTIONS = NO;
				ENABLE_STRICT_OBJC_MSGSEND = YES;
				GCC_C_LANGUAGE_STANDARD = gnu11;
				GCC_NO_COMMON_BLOCKS = YES;
				GCC_WARN_64_TO_32_BIT_CONVERSION = YES;
				GCC_WARN_ABOUT_RETURN_TYPE = YES_ERROR;
				GCC_WARN_UNDECLARED_SELECTOR = YES;
				GCC_WARN_UNINITIALIZED_AUTOS = YES_AGGRESSIVE;
				GCC_WARN_UNUSED_FUNCTION = YES;
				GCC_WARN_UNUSED_VARIABLE = YES;
				IPHONEOS_DEPLOYMENT_TARGET = 13.0;
				MTL_ENABLE_DEBUG_INFO = NO;
				MTL_FAST_MATH = YES;
				SDKROOT = iphoneos;
				SWIFT_COMPILATION_MODE = wholemodule;
				SWIFT_OPTIMIZATION_LEVEL = "-O";
				VALIDATE_PRODUCT = YES;
			};
			name = Release;
		};
		65B377B7262AE514000D03E7 /* Debug */ = {
			isa = XCBuildConfiguration;
			buildSettings = {
				ASSETCATALOG_COMPILER_APPICON_NAME = AppIcon;
				ASSETCATALOG_COMPILER_GLOBAL_ACCENT_COLOR_NAME = AccentColor;
				CODE_SIGN_ENTITLEMENTS = BMDJ/BMDJ.entitlements;
				CODE_SIGN_STYLE = Automatic;
				CURRENT_PROJECT_VERSION = 1;
				DEVELOPMENT_TEAM = P7PUGAUP8K;
				FRAMEWORK_SEARCH_PATHS = (
					"$(inherited)",
					"$(PROJECT_DIR)/BMDJ/Resource",
				);
				INFOPLIST_FILE = BMDJ/Info.plist;
				IPHONEOS_DEPLOYMENT_TARGET = 13.0;
				LD_RUNPATH_SEARCH_PATHS = (
					"$(inherited)",
					"@executable_path/Frameworks",
					"$(TOOLCHAIN_DIR)/usr/lib/swift-5.0/$(PLATFORM_NAME)",
					"$(TOOLCHAIN_DIR)/usr/lib/swift/$(PLATFORM_NAME)",
				);
				MARKETING_VERSION = 1.2.2;
				OTHER_LDFLAGS = "-ObjC";
				PRODUCT_BUNDLE_IDENTIFIER = com.kakaotocs.danji;
				PRODUCT_NAME = "$(TARGET_NAME)";
				SWIFT_OBJC_BRIDGING_HEADER = "BMDJ/UserHabit-Bridging-Header.h";
				SWIFT_VERSION = 5.0;
				TARGETED_DEVICE_FAMILY = 1;
			};
			name = Debug;
		};
		65B377B8262AE514000D03E7 /* Release */ = {
			isa = XCBuildConfiguration;
			buildSettings = {
				ASSETCATALOG_COMPILER_APPICON_NAME = AppIcon;
				ASSETCATALOG_COMPILER_GLOBAL_ACCENT_COLOR_NAME = AccentColor;
				CODE_SIGN_ENTITLEMENTS = BMDJ/BMDJ.entitlements;
				CODE_SIGN_STYLE = Automatic;
				CURRENT_PROJECT_VERSION = 1;
				DEVELOPMENT_TEAM = P7PUGAUP8K;
				FRAMEWORK_SEARCH_PATHS = (
					"$(inherited)",
					"$(PROJECT_DIR)/BMDJ/Resource",
				);
				INFOPLIST_FILE = BMDJ/Info.plist;
				IPHONEOS_DEPLOYMENT_TARGET = 13.0;
				LD_RUNPATH_SEARCH_PATHS = (
					"$(inherited)",
					"@executable_path/Frameworks",
					"$(TOOLCHAIN_DIR)/usr/lib/swift-5.0/$(PLATFORM_NAME)",
					"$(TOOLCHAIN_DIR)/usr/lib/swift/$(PLATFORM_NAME)",
				);
				MARKETING_VERSION = 1.2.2;
				OTHER_LDFLAGS = "-ObjC";
				PRODUCT_BUNDLE_IDENTIFIER = com.kakaotocs.danji;
				PRODUCT_NAME = "$(TARGET_NAME)";
				SWIFT_OBJC_BRIDGING_HEADER = "BMDJ/UserHabit-Bridging-Header.h";
				SWIFT_VERSION = 5.0;
				TARGETED_DEVICE_FAMILY = 1;
			};
			name = Release;
		};
/* End XCBuildConfiguration section */

/* Begin XCConfigurationList section */
		65B3779D262AE513000D03E7 /* Build configuration list for PBXProject "BMDJ" */ = {
			isa = XCConfigurationList;
			buildConfigurations = (
				65B377B4262AE514000D03E7 /* Debug */,
				65B377B5262AE514000D03E7 /* Release */,
			);
			defaultConfigurationIsVisible = 0;
			defaultConfigurationName = Release;
		};
		65B377B6262AE514000D03E7 /* Build configuration list for PBXNativeTarget "BMDJ" */ = {
			isa = XCConfigurationList;
			buildConfigurations = (
				65B377B7262AE514000D03E7 /* Debug */,
				65B377B8262AE514000D03E7 /* Release */,
			);
			defaultConfigurationIsVisible = 0;
			defaultConfigurationName = Release;
		};
/* End XCConfigurationList section */

/* Begin XCRemoteSwiftPackageReference section */
		65048A7D2656B73800B275D0 /* XCRemoteSwiftPackageReference "lottie-ios" */ = {
			isa = XCRemoteSwiftPackageReference;
			repositoryURL = "https://github.com/airbnb/lottie-ios.git";
			requirement = {
				kind = upToNextMajorVersion;
				minimumVersion = 3.2.3;
			};
		};
		655AB69626E2AC9000A7D9BC /* XCRemoteSwiftPackageReference "firebase-ios-sdk" */ = {
			isa = XCRemoteSwiftPackageReference;
			repositoryURL = "https://github.com/firebase/firebase-ios-sdk.git";
			requirement = {
				kind = upToNextMajorVersion;
				minimumVersion = 8.6.1;
			};
		};
		655DC07F267DFF1E000A44A0 /* XCRemoteSwiftPackageReference "RxOptional" */ = {
			isa = XCRemoteSwiftPackageReference;
			repositoryURL = "https://github.com/RxSwiftCommunity/RxOptional.git";
			requirement = {
				kind = upToNextMajorVersion;
				minimumVersion = 5.0.3;
			};
		};
		658CC9F7263D499B000286D3 /* XCRemoteSwiftPackageReference "RxDataSources" */ = {
			isa = XCRemoteSwiftPackageReference;
			repositoryURL = "https://github.com/RxSwiftCommunity/RxDataSources.git";
			requirement = {
				kind = upToNextMajorVersion;
				minimumVersion = 5.0.1;
			};
		};
		659625E0262BF51D00277B80 /* XCRemoteSwiftPackageReference "ReactorKit" */ = {
			isa = XCRemoteSwiftPackageReference;
			repositoryURL = "https://github.com/ReactorKit/ReactorKit.git";
			requirement = {
				kind = upToNextMajorVersion;
				minimumVersion = 3.0.0;
			};
		};
		65B377C7262AE687000D03E7 /* XCRemoteSwiftPackageReference "SnapKit" */ = {
			isa = XCRemoteSwiftPackageReference;
			repositoryURL = "https://github.com/SnapKit/SnapKit.git";
			requirement = {
				kind = upToNextMajorVersion;
				minimumVersion = 5.0.1;
			};
		};
		65B377D7262AE6C4000D03E7 /* XCRemoteSwiftPackageReference "RxKingfisher" */ = {
			isa = XCRemoteSwiftPackageReference;
			repositoryURL = "https://github.com/RxSwiftCommunity/RxKingfisher.git";
			requirement = {
				kind = upToNextMajorVersion;
				minimumVersion = 2.1.0;
			};
		};
		65B377DB262AE729000D03E7 /* XCRemoteSwiftPackageReference "RxAlamofire" */ = {
			isa = XCRemoteSwiftPackageReference;
			repositoryURL = "https://github.com/RxSwiftCommunity/RxAlamofire.git";
			requirement = {
				kind = upToNextMajorVersion;
				minimumVersion = 6.1.1;
			};
		};
		65FD602126B070430049023F /* XCRemoteSwiftPackageReference "GoogleSignIn-iOS" */ = {
			isa = XCRemoteSwiftPackageReference;
			repositoryURL = "https://github.com/google/GoogleSignIn-iOS.git";
			requirement = {
				kind = upToNextMajorVersion;
				minimumVersion = 6.0.1;
			};
		};
/* End XCRemoteSwiftPackageReference section */

/* Begin XCSwiftPackageProductDependency section */
		65048A7E2656B73800B275D0 /* Lottie */ = {
			isa = XCSwiftPackageProductDependency;
			package = 65048A7D2656B73800B275D0 /* XCRemoteSwiftPackageReference "lottie-ios" */;
			productName = Lottie;
		};
		653970E22799B8730006E2A9 /* FirebaseDatabase */ = {
			isa = XCSwiftPackageProductDependency;
			package = 655AB69626E2AC9000A7D9BC /* XCRemoteSwiftPackageReference "firebase-ios-sdk" */;
			productName = FirebaseDatabase;
		};
		655AB69726E2AC9000A7D9BC /* FirebaseAnalytics */ = {
			isa = XCSwiftPackageProductDependency;
			package = 655AB69626E2AC9000A7D9BC /* XCRemoteSwiftPackageReference "firebase-ios-sdk" */;
			productName = FirebaseAnalytics;
		};
		655AB69926E2AC9000A7D9BC /* FirebaseCrashlytics */ = {
			isa = XCSwiftPackageProductDependency;
			package = 655AB69626E2AC9000A7D9BC /* XCRemoteSwiftPackageReference "firebase-ios-sdk" */;
			productName = FirebaseCrashlytics;
		};
		655AB69B26E2AC9000A7D9BC /* FirebaseMessaging */ = {
			isa = XCSwiftPackageProductDependency;
			package = 655AB69626E2AC9000A7D9BC /* XCRemoteSwiftPackageReference "firebase-ios-sdk" */;
			productName = FirebaseMessaging;
		};
		655AB69D26E2AC9000A7D9BC /* FirebaseAuth */ = {
			isa = XCSwiftPackageProductDependency;
			package = 655AB69626E2AC9000A7D9BC /* XCRemoteSwiftPackageReference "firebase-ios-sdk" */;
			productName = FirebaseAuth;
		};
		655AB69F26E2AC9000A7D9BC /* FirebaseStorage */ = {
			isa = XCSwiftPackageProductDependency;
			package = 655AB69626E2AC9000A7D9BC /* XCRemoteSwiftPackageReference "firebase-ios-sdk" */;
			productName = FirebaseStorage;
		};
		655AB6A126E2AC9000A7D9BC /* FirebaseRemoteConfig */ = {
			isa = XCSwiftPackageProductDependency;
			package = 655AB69626E2AC9000A7D9BC /* XCRemoteSwiftPackageReference "firebase-ios-sdk" */;
			productName = FirebaseRemoteConfig;
		};
		655DC080267DFF1E000A44A0 /* RxOptional */ = {
			isa = XCSwiftPackageProductDependency;
			package = 655DC07F267DFF1E000A44A0 /* XCRemoteSwiftPackageReference "RxOptional" */;
			productName = RxOptional;
		};
		658CC9F8263D499B000286D3 /* RxDataSources */ = {
			isa = XCSwiftPackageProductDependency;
			package = 658CC9F7263D499B000286D3 /* XCRemoteSwiftPackageReference "RxDataSources" */;
			productName = RxDataSources;
		};
		659625E1262BF51D00277B80 /* ReactorKit */ = {
			isa = XCSwiftPackageProductDependency;
			package = 659625E0262BF51D00277B80 /* XCRemoteSwiftPackageReference "ReactorKit" */;
			productName = ReactorKit;
		};
		65B377C8262AE687000D03E7 /* SnapKit */ = {
			isa = XCSwiftPackageProductDependency;
			package = 65B377C7262AE687000D03E7 /* XCRemoteSwiftPackageReference "SnapKit" */;
			productName = SnapKit;
		};
		65B377D8262AE6C4000D03E7 /* RxKingfisher */ = {
			isa = XCSwiftPackageProductDependency;
			package = 65B377D7262AE6C4000D03E7 /* XCRemoteSwiftPackageReference "RxKingfisher" */;
			productName = RxKingfisher;
		};
		65B377DC262AE729000D03E7 /* RxAlamofire */ = {
			isa = XCSwiftPackageProductDependency;
			package = 65B377DB262AE729000D03E7 /* XCRemoteSwiftPackageReference "RxAlamofire" */;
			productName = RxAlamofire;
		};
		65FD602226B070430049023F /* GoogleSignIn */ = {
			isa = XCSwiftPackageProductDependency;
			package = 65FD602126B070430049023F /* XCRemoteSwiftPackageReference "GoogleSignIn-iOS" */;
			productName = GoogleSignIn;
		};
/* End XCSwiftPackageProductDependency section */
	};
	rootObject = 65B3779A262AE513000D03E7 /* Project object */;
}
